// !$*UTF8*$!
{
	archiveVersion = 1;
	classes = {
	};
	objectVersion = 56;
	objects = {

/* Begin PBXBuildFile section */
		0C96722B7232B442D28147C3 /* Pods_ExpressPokemon.framework in Frameworks */ = {isa = PBXBuildFile; fileRef = 5998DEC6782E09DCB45DAED8 /* Pods_ExpressPokemon.framework */; };
		2844F2C912F50543CE9C2D9F /* Pods_ExpressPokemon_ExpressPokemonUITests.framework in Frameworks */ = {isa = PBXBuildFile; fileRef = F4021A07D4983BDF98FA4B5B /* Pods_ExpressPokemon_ExpressPokemonUITests.framework */; };
		3F4E037D1C40CA70938BE8C0 /* Pods_ExpressPokemonTests.framework in Frameworks */ = {isa = PBXBuildFile; fileRef = F457CE53719AA3047F605AE0 /* Pods_ExpressPokemonTests.framework */; };
		9E68E3572ACFFF1100A1529B /* PokemonDetailsViewModelTests.swift in Sources */ = {isa = PBXBuildFile; fileRef = 9E68E3562ACFFF1100A1529B /* PokemonDetailsViewModelTests.swift */; };
		9E68E35A2AD000AB00A1529B /* SamplePokemonDetailResponse.json in Resources */ = {isa = PBXBuildFile; fileRef = 9E68E3592AD000AB00A1529B /* SamplePokemonDetailResponse.json */; };
		9E9965AA2ACC85CE00E90FE4 /* AppDelegate.swift in Sources */ = {isa = PBXBuildFile; fileRef = 9E9965A92ACC85CE00E90FE4 /* AppDelegate.swift */; };
		9E9965AC2ACC85CE00E90FE4 /* SceneDelegate.swift in Sources */ = {isa = PBXBuildFile; fileRef = 9E9965AB2ACC85CE00E90FE4 /* SceneDelegate.swift */; };
		9E9965B62ACC85CF00E90FE4 /* Assets.xcassets in Resources */ = {isa = PBXBuildFile; fileRef = 9E9965B52ACC85CF00E90FE4 /* Assets.xcassets */; };
		9E9965B92ACC85CF00E90FE4 /* LaunchScreen.storyboard in Resources */ = {isa = PBXBuildFile; fileRef = 9E9965B72ACC85CF00E90FE4 /* LaunchScreen.storyboard */; };
		9E9965C42ACC85CF00E90FE4 /* ExpressPokemonTests.swift in Sources */ = {isa = PBXBuildFile; fileRef = 9E9965C32ACC85CF00E90FE4 /* ExpressPokemonTests.swift */; };
		9E9965CE2ACC85CF00E90FE4 /* ExpressPokemonUITests.swift in Sources */ = {isa = PBXBuildFile; fileRef = 9E9965CD2ACC85CF00E90FE4 /* ExpressPokemonUITests.swift */; };
		9E9965D02ACC85CF00E90FE4 /* ExpressPokemonUITestsLaunchTests.swift in Sources */ = {isa = PBXBuildFile; fileRef = 9E9965CF2ACC85CF00E90FE4 /* ExpressPokemonUITestsLaunchTests.swift */; };
		9E9966472ACC8EE500E90FE4 /* DIError.swift in Sources */ = {isa = PBXBuildFile; fileRef = 9E9965E02ACC8EE500E90FE4 /* DIError.swift */; };
		9E9966482ACC8EE500E90FE4 /* DIContainer+Extension.swift in Sources */ = {isa = PBXBuildFile; fileRef = 9E9965E12ACC8EE500E90FE4 /* DIContainer+Extension.swift */; };
		9E9966492ACC8EE500E90FE4 /* DIContainer.swift in Sources */ = {isa = PBXBuildFile; fileRef = 9E9965E22ACC8EE500E90FE4 /* DIContainer.swift */; };
		9E99664A2ACC8EE500E90FE4 /* NetworkingClientManager.swift in Sources */ = {isa = PBXBuildFile; fileRef = 9E9965E62ACC8EE500E90FE4 /* NetworkingClientManager.swift */; };
		9E99664B2ACC8EE500E90FE4 /* APIError.swift in Sources */ = {isa = PBXBuildFile; fileRef = 9E9965E82ACC8EE500E90FE4 /* APIError.swift */; };
		9E99664C2ACC8EE500E90FE4 /* BaseAPIDebugger.swift in Sources */ = {isa = PBXBuildFile; fileRef = 9E9965E92ACC8EE500E90FE4 /* BaseAPIDebugger.swift */; };
		9E99664D2ACC8EE500E90FE4 /* BaseURLEnvironment+Configuration.swift in Sources */ = {isa = PBXBuildFile; fileRef = 9E9965EA2ACC8EE500E90FE4 /* BaseURLEnvironment+Configuration.swift */; };
		9E99664E2ACC8EE500E90FE4 /* URLEncoding.swift in Sources */ = {isa = PBXBuildFile; fileRef = 9E9965EC2ACC8EE500E90FE4 /* URLEncoding.swift */; };
		9E99664F2ACC8EE500E90FE4 /* HTTPMethod.swift in Sources */ = {isa = PBXBuildFile; fileRef = 9E9965ED2ACC8EE500E90FE4 /* HTTPMethod.swift */; };
		9E9966502ACC8EE500E90FE4 /* Dictionary+Encoding+Extension.swift in Sources */ = {isa = PBXBuildFile; fileRef = 9E9965EE2ACC8EE500E90FE4 /* Dictionary+Encoding+Extension.swift */; };
		9E9966512ACC8EE500E90FE4 /* NetworkTarget+Default.swift in Sources */ = {isa = PBXBuildFile; fileRef = 9E9965F02ACC8EE500E90FE4 /* NetworkTarget+Default.swift */; };
		9E9966522ACC8EE500E90FE4 /* NetworkTarget.swift in Sources */ = {isa = PBXBuildFile; fileRef = 9E9965F12ACC8EE500E90FE4 /* NetworkTarget.swift */; };
		9E9966532ACC8EE500E90FE4 /* NetworkClient.swift in Sources */ = {isa = PBXBuildFile; fileRef = 9E9965F32ACC8EE500E90FE4 /* NetworkClient.swift */; };
		9E9966542ACC8EE500E90FE4 /* NetworkClientType.swift in Sources */ = {isa = PBXBuildFile; fileRef = 9E9965F42ACC8EE500E90FE4 /* NetworkClientType.swift */; };
		9E9966552ACC8EE500E90FE4 /* RequestBuilder.swift in Sources */ = {isa = PBXBuildFile; fileRef = 9E9965F62ACC8EE500E90FE4 /* RequestBuilder.swift */; };
		9E9966562ACC8EE500E90FE4 /* HttpRequest+RequestBuilder.swift in Sources */ = {isa = PBXBuildFile; fileRef = 9E9965F72ACC8EE500E90FE4 /* HttpRequest+RequestBuilder.swift */; };
		9E9966572ACC8EE500E90FE4 /* Constants.swift in Sources */ = {isa = PBXBuildFile; fileRef = 9E9965F92ACC8EE500E90FE4 /* Constants.swift */; };
		9E9966582ACC8EE500E90FE4 /* UISize.swift in Sources */ = {isa = PBXBuildFile; fileRef = 9E9965FA2ACC8EE500E90FE4 /* UISize.swift */; };
		9E9966592ACC8EE500E90FE4 /* MessageHelper.swift in Sources */ = {isa = PBXBuildFile; fileRef = 9E9965FB2ACC8EE500E90FE4 /* MessageHelper.swift */; };
		9E99665A2ACC8EE500E90FE4 /* UINavigationController+Extension.swift in Sources */ = {isa = PBXBuildFile; fileRef = 9E9965FE2ACC8EE500E90FE4 /* UINavigationController+Extension.swift */; };
		9E99665B2ACC8EE500E90FE4 /* AppStyle.swift in Sources */ = {isa = PBXBuildFile; fileRef = 9E9965FF2ACC8EE500E90FE4 /* AppStyle.swift */; };
		9E99665C2ACC8EE500E90FE4 /* NavigationController.swift in Sources */ = {isa = PBXBuildFile; fileRef = 9E9966002ACC8EE500E90FE4 /* NavigationController.swift */; };
		9E99665D2ACC8EE500E90FE4 /* LoadingView.swift in Sources */ = {isa = PBXBuildFile; fileRef = 9E9966012ACC8EE500E90FE4 /* LoadingView.swift */; };
		9E99665E2ACC8EE500E90FE4 /* Coordinator.swift in Sources */ = {isa = PBXBuildFile; fileRef = 9E9966022ACC8EE500E90FE4 /* Coordinator.swift */; };
		9E99665F2ACC8EE500E90FE4 /* Log.swift in Sources */ = {isa = PBXBuildFile; fileRef = 9E9966042ACC8EE500E90FE4 /* Log.swift */; };
		9E9966602ACC8EE500E90FE4 /* Logger.swift in Sources */ = {isa = PBXBuildFile; fileRef = 9E9966052ACC8EE500E90FE4 /* Logger.swift */; };
		9E9966622ACC8EE500E90FE4 /* WorkScheduler.swift in Sources */ = {isa = PBXBuildFile; fileRef = 9E9966092ACC8EE500E90FE4 /* WorkScheduler.swift */; };
		9E9966632ACC8EE500E90FE4 /* PokemonListResponseDTO+Mapping.swift in Sources */ = {isa = PBXBuildFile; fileRef = 9E99660D2ACC8EE500E90FE4 /* PokemonListResponseDTO+Mapping.swift */; };
		9E9966642ACC8EE500E90FE4 /* PokemonDetailResponseDTO+Mapping.swift in Sources */ = {isa = PBXBuildFile; fileRef = 9E99660E2ACC8EE500E90FE4 /* PokemonDetailResponseDTO+Mapping.swift */; };
		9E9966652ACC8EE500E90FE4 /* PokemonDataRemoteServiceType.swift in Sources */ = {isa = PBXBuildFile; fileRef = 9E9966102ACC8EE500E90FE4 /* PokemonDataRemoteServiceType.swift */; };
		9E9966662ACC8EE500E90FE4 /* PokemonListDataRequest.swift in Sources */ = {isa = PBXBuildFile; fileRef = 9E9966122ACC8EE500E90FE4 /* PokemonListDataRequest.swift */; };
		9E9966672ACC8EE500E90FE4 /* PokemonDetailsDataRequest.swift in Sources */ = {isa = PBXBuildFile; fileRef = 9E9966132ACC8EE500E90FE4 /* PokemonDetailsDataRequest.swift */; };
		9E9966682ACC8EE500E90FE4 /* PokemonDataRemoteService.swift in Sources */ = {isa = PBXBuildFile; fileRef = 9E9966142ACC8EE500E90FE4 /* PokemonDataRemoteService.swift */; };
		9E9966692ACC8EE500E90FE4 /* PokemonRepository.swift in Sources */ = {isa = PBXBuildFile; fileRef = 9E9966162ACC8EE500E90FE4 /* PokemonRepository.swift */; };
		9E99666A2ACC8EE500E90FE4 /* PokemonRepositoryType.swift in Sources */ = {isa = PBXBuildFile; fileRef = 9E9966182ACC8EE500E90FE4 /* PokemonRepositoryType.swift */; };
		9E99666B2ACC8EE500E90FE4 /* CoreDataManager.swift in Sources */ = {isa = PBXBuildFile; fileRef = 9E99661D2ACC8EE500E90FE4 /* CoreDataManager.swift */; };
		9E99666D2ACC8EE500E90FE4 /* CoreDataFetchResultsPublisher.swift in Sources */ = {isa = PBXBuildFile; fileRef = 9E9966202ACC8EE500E90FE4 /* CoreDataFetchResultsPublisher.swift */; };
		9E99666E2ACC8EE500E90FE4 /* CoreDataSaveModelPublisher.swift in Sources */ = {isa = PBXBuildFile; fileRef = 9E9966212ACC8EE500E90FE4 /* CoreDataSaveModelPublisher.swift */; };
		9E99666F2ACC8EE500E90FE4 /* CoreDataDeleteModelPublisher.swift in Sources */ = {isa = PBXBuildFile; fileRef = 9E9966222ACC8EE500E90FE4 /* CoreDataDeleteModelPublisher.swift */; };
		9E9966702ACC8EE500E90FE4 /* CustomError.swift in Sources */ = {isa = PBXBuildFile; fileRef = 9E9966252ACC8EE500E90FE4 /* CustomError.swift */; };
		9E9966712ACC8EE500E90FE4 /* FetchPokemonDetailsUseCase.swift in Sources */ = {isa = PBXBuildFile; fileRef = 9E9966272ACC8EE500E90FE4 /* FetchPokemonDetailsUseCase.swift */; };
		9E9966722ACC8EE500E90FE4 /* FetchPokemonListUseCase.swift in Sources */ = {isa = PBXBuildFile; fileRef = 9E9966282ACC8EE500E90FE4 /* FetchPokemonListUseCase.swift */; };
		9E9966732ACC8EE500E90FE4 /* PokemonDetailsUseCaseType.swift in Sources */ = {isa = PBXBuildFile; fileRef = 9E99662A2ACC8EE500E90FE4 /* PokemonDetailsUseCaseType.swift */; };
		9E9966742ACC8EE500E90FE4 /* PokemonListUseCaseType.swift in Sources */ = {isa = PBXBuildFile; fileRef = 9E99662B2ACC8EE500E90FE4 /* PokemonListUseCaseType.swift */; };
		9E9966752ACC8EE500E90FE4 /* Pokemon.swift in Sources */ = {isa = PBXBuildFile; fileRef = 9E99662D2ACC8EE500E90FE4 /* Pokemon.swift */; };
		9E9966762ACC8EE500E90FE4 /* PokemonDetail.swift in Sources */ = {isa = PBXBuildFile; fileRef = 9E99662E2ACC8EE500E90FE4 /* PokemonDetail.swift */; };
		9E9966772ACC8EE500E90FE4 /* UIView+Extensions.swift in Sources */ = {isa = PBXBuildFile; fileRef = 9E9966312ACC8EE500E90FE4 /* UIView+Extensions.swift */; };
		9E9966782ACC8EE500E90FE4 /* UIColor.swift in Sources */ = {isa = PBXBuildFile; fileRef = 9E9966322ACC8EE500E90FE4 /* UIColor.swift */; };
		9E99667A2ACC8EE500E90FE4 /* UIImage+Extension.swift in Sources */ = {isa = PBXBuildFile; fileRef = 9E9966342ACC8EE500E90FE4 /* UIImage+Extension.swift */; };
		9E99667B2ACC8EE500E90FE4 /* UIImageView+SDWebImage.swift in Sources */ = {isa = PBXBuildFile; fileRef = 9E9966352ACC8EE500E90FE4 /* UIImageView+SDWebImage.swift */; };
		9E99667D2ACC8EE500E90FE4 /* UIViewController+StatusBarUtil.swift in Sources */ = {isa = PBXBuildFile; fileRef = 9E9966372ACC8EE500E90FE4 /* UIViewController+StatusBarUtil.swift */; };
		9E99667E2ACC8EE500E90FE4 /* MainCoordinator.swift in Sources */ = {isa = PBXBuildFile; fileRef = 9E99663A2ACC8EE500E90FE4 /* MainCoordinator.swift */; };
		9E99667F2ACC8EE500E90FE4 /* PokemonDetailViewController.swift in Sources */ = {isa = PBXBuildFile; fileRef = 9E99663F2ACC8EE500E90FE4 /* PokemonDetailViewController.swift */; };
		9E9966802ACC8EE500E90FE4 /* PokemonViewModel.swift in Sources */ = {isa = PBXBuildFile; fileRef = 9E9966432ACC8EE500E90FE4 /* PokemonViewModel.swift */; };
		9E9966812ACC8EE500E90FE4 /* PokemonListViewController.swift in Sources */ = {isa = PBXBuildFile; fileRef = 9E9966462ACC8EE500E90FE4 /* PokemonListViewController.swift */; };
		9E99668B2ACC9B9500E90FE4 /* ExpressPokemon.xcdatamodeld in Sources */ = {isa = PBXBuildFile; fileRef = 9E9966892ACC9B9500E90FE4 /* ExpressPokemon.xcdatamodeld */; };
		9E99668D2ACCB23200E90FE4 /* PokemonListView.swift in Sources */ = {isa = PBXBuildFile; fileRef = 9E99668C2ACCB23200E90FE4 /* PokemonListView.swift */; };
		9E9966922ACCB97F00E90FE4 /* AlertViewBuilder.swift in Sources */ = {isa = PBXBuildFile; fileRef = 9E9966912ACCB97F00E90FE4 /* AlertViewBuilder.swift */; };
		9E9966942ACCBA9200E90FE4 /* EmptyView.swift in Sources */ = {isa = PBXBuildFile; fileRef = 9E9966932ACCBA9200E90FE4 /* EmptyView.swift */; };
		9E99669B2ACD33AB00E90FE4 /* APIError+Extension.swift in Sources */ = {isa = PBXBuildFile; fileRef = 9E99669A2ACD33AB00E90FE4 /* APIError+Extension.swift */; };
		9E99669D2ACD34C700E90FE4 /* UINavigationBarAppearance.swift in Sources */ = {isa = PBXBuildFile; fileRef = 9E99669C2ACD34C700E90FE4 /* UINavigationBarAppearance.swift */; };
		9E99669F2ACD35C100E90FE4 /* DIError+Extension.swift in Sources */ = {isa = PBXBuildFile; fileRef = 9E99669E2ACD35C100E90FE4 /* DIError+Extension.swift */; };
		9E9966A12ACD3CFD00E90FE4 /* PokemonListViewController+Extension.swift in Sources */ = {isa = PBXBuildFile; fileRef = 9E9966A02ACD3CFD00E90FE4 /* PokemonListViewController+Extension.swift */; };
		9E9966A32ACD404300E90FE4 /* PokemonViewModel+Extension.swift in Sources */ = {isa = PBXBuildFile; fileRef = 9E9966A22ACD404300E90FE4 /* PokemonViewModel+Extension.swift */; };
		9E9966A52ACD45CB00E90FE4 /* Data.swift in Sources */ = {isa = PBXBuildFile; fileRef = 9E9966A42ACD45CB00E90FE4 /* Data.swift */; };
		9E9966A72ACD479C00E90FE4 /* MainCoordinator+PokemonListDelegate.swift in Sources */ = {isa = PBXBuildFile; fileRef = 9E9966A62ACD479C00E90FE4 /* MainCoordinator+PokemonListDelegate.swift */; };
		9E9966AA2ACD4CE100E90FE4 /* CardView.swift in Sources */ = {isa = PBXBuildFile; fileRef = 9E9966A92ACD4CE100E90FE4 /* CardView.swift */; };
		9E9966AD2ACD4D2900E90FE4 /* PokemonCell.swift in Sources */ = {isa = PBXBuildFile; fileRef = 9E9966AC2ACD4D2900E90FE4 /* PokemonCell.swift */; };
		9E9966AF2ACD73D400E90FE4 /* PokemonListViewController+SearchBarDelegate.swift in Sources */ = {isa = PBXBuildFile; fileRef = 9E9966AE2ACD73D400E90FE4 /* PokemonListViewController+SearchBarDelegate.swift */; };
		9E9966B12ACD954A00E90FE4 /* PokemonListView+Extension.swift in Sources */ = {isa = PBXBuildFile; fileRef = 9E9966B02ACD954A00E90FE4 /* PokemonListView+Extension.swift */; };
		9E9966B42ACD9E3700E90FE4 /* PokemonDetailCoordinator.swift in Sources */ = {isa = PBXBuildFile; fileRef = 9E9966B32ACD9E3700E90FE4 /* PokemonDetailCoordinator.swift */; };
		9E9966B62ACD9F0200E90FE4 /* PokemonDetailCoordinator+PokemonDetailsDelegate.swift in Sources */ = {isa = PBXBuildFile; fileRef = 9E9966B52ACD9F0200E90FE4 /* PokemonDetailCoordinator+PokemonDetailsDelegate.swift */; };
		9E9966B92ACDA57C00E90FE4 /* HeroImageTableViewCell.swift in Sources */ = {isa = PBXBuildFile; fileRef = 9E9966B82ACDA57C00E90FE4 /* HeroImageTableViewCell.swift */; };
		9E9966BB2ACDA5B100E90FE4 /* DetailTableViewCell.swift in Sources */ = {isa = PBXBuildFile; fileRef = 9E9966BA2ACDA5B100E90FE4 /* DetailTableViewCell.swift */; };
		9E9966BD2ACDA5CF00E90FE4 /* StatsTableViewCell.swift in Sources */ = {isa = PBXBuildFile; fileRef = 9E9966BC2ACDA5CF00E90FE4 /* StatsTableViewCell.swift */; };
		9E9966BF2ACDA67600E90FE4 /* PokemonDetailViewController+Extension.swift in Sources */ = {isa = PBXBuildFile; fileRef = 9E9966BE2ACDA67600E90FE4 /* PokemonDetailViewController+Extension.swift */; };
		9E9966C12ACDA72300E90FE4 /* AbilitiesTableViewCell.swift in Sources */ = {isa = PBXBuildFile; fileRef = 9E9966C02ACDA72300E90FE4 /* AbilitiesTableViewCell.swift */; };
		9E9966C32ACDA81B00E90FE4 /* PokemonDetailViewModel.swift in Sources */ = {isa = PBXBuildFile; fileRef = 9E9966C22ACDA81B00E90FE4 /* PokemonDetailViewModel.swift */; };
		9E9966C52ACDA87F00E90FE4 /* PokemonDetailViewModel+Extension.swift in Sources */ = {isa = PBXBuildFile; fileRef = 9E9966C42ACDA87F00E90FE4 /* PokemonDetailViewModel+Extension.swift */; };
		9E9966C72ACDAB4500E90FE4 /* PokemonDetailView.swift in Sources */ = {isa = PBXBuildFile; fileRef = 9E9966C62ACDAB4500E90FE4 /* PokemonDetailView.swift */; };
		9E9966CA2ACDABC900E90FE4 /* PokemonDetailView+Extension.swift in Sources */ = {isa = PBXBuildFile; fileRef = 9E9966C92ACDABC900E90FE4 /* PokemonDetailView+Extension.swift */; };
		9E9966CD2ACDEE6500E90FE4 /* StatProgressView.swift in Sources */ = {isa = PBXBuildFile; fileRef = 9E9966CC2ACDEE6500E90FE4 /* StatProgressView.swift */; };
		9E9966CF2ACE00FE00E90FE4 /* AbilityView.swift in Sources */ = {isa = PBXBuildFile; fileRef = 9E9966CE2ACE00FE00E90FE4 /* AbilityView.swift */; };
		9E9966D32ACE3CD700E90FE4 /* PokemonListResponseStorageType.swift in Sources */ = {isa = PBXBuildFile; fileRef = 9E9966D22ACE3CD700E90FE4 /* PokemonListResponseStorageType.swift */; };
		9E9966D52ACE3DBF00E90FE4 /* CoreDataPokemonListResponseStorage.swift in Sources */ = {isa = PBXBuildFile; fileRef = 9E9966D42ACE3DBF00E90FE4 /* CoreDataPokemonListResponseStorage.swift */; };
		9E9966D72ACE4E6000E90FE4 /* CoreDataBatchDeleteModelsPublisher.swift in Sources */ = {isa = PBXBuildFile; fileRef = 9E9966D62ACE4E6000E90FE4 /* CoreDataBatchDeleteModelsPublisher.swift */; };
		9E9966D92ACE566700E90FE4 /* PokemonViewModel+Cache.swift in Sources */ = {isa = PBXBuildFile; fileRef = 9E9966D82ACE566700E90FE4 /* PokemonViewModel+Cache.swift */; };
		9E9966DC2ACEEC1F00E90FE4 /* Double+Extension.swift in Sources */ = {isa = PBXBuildFile; fileRef = 9E9966DB2ACEEC1F00E90FE4 /* Double+Extension.swift */; };
		9E9966E32ACF10C700E90FE4 /* PokemonViewModelTests.swift in Sources */ = {isa = PBXBuildFile; fileRef = 9E9966E22ACF10C700E90FE4 /* PokemonViewModelTests.swift */; };
		9E9966E62ACF19A300E90FE4 /* GeneratedMocks.swift in Sources */ = {isa = PBXBuildFile; fileRef = 9E9966E52ACF19A300E90FE4 /* GeneratedMocks.swift */; };
		9E9966E82ACF235200E90FE4 /* PokemonViewModel+SampleMockData.swift in Sources */ = {isa = PBXBuildFile; fileRef = 9E9966E72ACF235200E90FE4 /* PokemonViewModel+SampleMockData.swift */; };
/* End PBXBuildFile section */

/* Begin PBXContainerItemProxy section */
		9E9965C02ACC85CF00E90FE4 /* PBXContainerItemProxy */ = {
			isa = PBXContainerItemProxy;
			containerPortal = 9E99659E2ACC85CE00E90FE4 /* Project object */;
			proxyType = 1;
			remoteGlobalIDString = 9E9965A52ACC85CE00E90FE4;
			remoteInfo = ExpressPokemon;
		};
		9E9965CA2ACC85CF00E90FE4 /* PBXContainerItemProxy */ = {
			isa = PBXContainerItemProxy;
			containerPortal = 9E99659E2ACC85CE00E90FE4 /* Project object */;
			proxyType = 1;
			remoteGlobalIDString = 9E9965A52ACC85CE00E90FE4;
			remoteInfo = ExpressPokemon;
		};
/* End PBXContainerItemProxy section */

/* Begin PBXFileReference section */
		08E9E9A27295457CF02FE171 /* Pods-ExpressPokemon.debug.xcconfig */ = {isa = PBXFileReference; includeInIndex = 1; lastKnownFileType = text.xcconfig; name = "Pods-ExpressPokemon.debug.xcconfig"; path = "Target Support Files/Pods-ExpressPokemon/Pods-ExpressPokemon.debug.xcconfig"; sourceTree = "<group>"; };
		0AF5844D8FF64AEFB278AF5F /* Pods-ExpressPokemon-ExpressPokemonUITests.debug.xcconfig */ = {isa = PBXFileReference; includeInIndex = 1; lastKnownFileType = text.xcconfig; name = "Pods-ExpressPokemon-ExpressPokemonUITests.debug.xcconfig"; path = "Target Support Files/Pods-ExpressPokemon-ExpressPokemonUITests/Pods-ExpressPokemon-ExpressPokemonUITests.debug.xcconfig"; sourceTree = "<group>"; };
		149DF7CE991CE88B02917953 /* Pods-ExpressPokemonTests.release.xcconfig */ = {isa = PBXFileReference; includeInIndex = 1; lastKnownFileType = text.xcconfig; name = "Pods-ExpressPokemonTests.release.xcconfig"; path = "Target Support Files/Pods-ExpressPokemonTests/Pods-ExpressPokemonTests.release.xcconfig"; sourceTree = "<group>"; };
		5998DEC6782E09DCB45DAED8 /* Pods_ExpressPokemon.framework */ = {isa = PBXFileReference; explicitFileType = wrapper.framework; includeInIndex = 0; path = Pods_ExpressPokemon.framework; sourceTree = BUILT_PRODUCTS_DIR; };
		9E68E3562ACFFF1100A1529B /* PokemonDetailsViewModelTests.swift */ = {isa = PBXFileReference; lastKnownFileType = sourcecode.swift; path = PokemonDetailsViewModelTests.swift; sourceTree = "<group>"; };
		9E68E3592AD000AB00A1529B /* SamplePokemonDetailResponse.json */ = {isa = PBXFileReference; lastKnownFileType = text.json; path = SamplePokemonDetailResponse.json; sourceTree = "<group>"; };
		9E9965A62ACC85CE00E90FE4 /* ExpressPokemon.app */ = {isa = PBXFileReference; explicitFileType = wrapper.application; includeInIndex = 0; path = ExpressPokemon.app; sourceTree = BUILT_PRODUCTS_DIR; };
		9E9965A92ACC85CE00E90FE4 /* AppDelegate.swift */ = {isa = PBXFileReference; lastKnownFileType = sourcecode.swift; path = AppDelegate.swift; sourceTree = "<group>"; };
		9E9965AB2ACC85CE00E90FE4 /* SceneDelegate.swift */ = {isa = PBXFileReference; lastKnownFileType = sourcecode.swift; path = SceneDelegate.swift; sourceTree = "<group>"; };
		9E9965B52ACC85CF00E90FE4 /* Assets.xcassets */ = {isa = PBXFileReference; lastKnownFileType = folder.assetcatalog; path = Assets.xcassets; sourceTree = "<group>"; };
		9E9965B82ACC85CF00E90FE4 /* Base */ = {isa = PBXFileReference; lastKnownFileType = file.storyboard; name = Base; path = Base.lproj/LaunchScreen.storyboard; sourceTree = "<group>"; };
		9E9965BF2ACC85CF00E90FE4 /* ExpressPokemonTests.xctest */ = {isa = PBXFileReference; explicitFileType = wrapper.cfbundle; includeInIndex = 0; path = ExpressPokemonTests.xctest; sourceTree = BUILT_PRODUCTS_DIR; };
		9E9965C32ACC85CF00E90FE4 /* ExpressPokemonTests.swift */ = {isa = PBXFileReference; lastKnownFileType = sourcecode.swift; path = ExpressPokemonTests.swift; sourceTree = "<group>"; };
		9E9965C92ACC85CF00E90FE4 /* ExpressPokemonUITests.xctest */ = {isa = PBXFileReference; explicitFileType = wrapper.cfbundle; includeInIndex = 0; path = ExpressPokemonUITests.xctest; sourceTree = BUILT_PRODUCTS_DIR; };
		9E9965CD2ACC85CF00E90FE4 /* ExpressPokemonUITests.swift */ = {isa = PBXFileReference; lastKnownFileType = sourcecode.swift; path = ExpressPokemonUITests.swift; sourceTree = "<group>"; };
		9E9965CF2ACC85CF00E90FE4 /* ExpressPokemonUITestsLaunchTests.swift */ = {isa = PBXFileReference; lastKnownFileType = sourcecode.swift; path = ExpressPokemonUITestsLaunchTests.swift; sourceTree = "<group>"; };
		9E9965E02ACC8EE500E90FE4 /* DIError.swift */ = {isa = PBXFileReference; fileEncoding = 4; lastKnownFileType = sourcecode.swift; path = DIError.swift; sourceTree = "<group>"; };
		9E9965E12ACC8EE500E90FE4 /* DIContainer+Extension.swift */ = {isa = PBXFileReference; fileEncoding = 4; lastKnownFileType = sourcecode.swift; path = "DIContainer+Extension.swift"; sourceTree = "<group>"; };
		9E9965E22ACC8EE500E90FE4 /* DIContainer.swift */ = {isa = PBXFileReference; fileEncoding = 4; lastKnownFileType = sourcecode.swift; path = DIContainer.swift; sourceTree = "<group>"; };
		9E9965E62ACC8EE500E90FE4 /* NetworkingClientManager.swift */ = {isa = PBXFileReference; fileEncoding = 4; lastKnownFileType = sourcecode.swift; path = NetworkingClientManager.swift; sourceTree = "<group>"; };
		9E9965E82ACC8EE500E90FE4 /* APIError.swift */ = {isa = PBXFileReference; fileEncoding = 4; lastKnownFileType = sourcecode.swift; path = APIError.swift; sourceTree = "<group>"; };
		9E9965E92ACC8EE500E90FE4 /* BaseAPIDebugger.swift */ = {isa = PBXFileReference; fileEncoding = 4; lastKnownFileType = sourcecode.swift; path = BaseAPIDebugger.swift; sourceTree = "<group>"; };
		9E9965EA2ACC8EE500E90FE4 /* BaseURLEnvironment+Configuration.swift */ = {isa = PBXFileReference; fileEncoding = 4; lastKnownFileType = sourcecode.swift; path = "BaseURLEnvironment+Configuration.swift"; sourceTree = "<group>"; };
		9E9965EC2ACC8EE500E90FE4 /* URLEncoding.swift */ = {isa = PBXFileReference; fileEncoding = 4; lastKnownFileType = sourcecode.swift; path = URLEncoding.swift; sourceTree = "<group>"; };
		9E9965ED2ACC8EE500E90FE4 /* HTTPMethod.swift */ = {isa = PBXFileReference; fileEncoding = 4; lastKnownFileType = sourcecode.swift; path = HTTPMethod.swift; sourceTree = "<group>"; };
		9E9965EE2ACC8EE500E90FE4 /* Dictionary+Encoding+Extension.swift */ = {isa = PBXFileReference; fileEncoding = 4; lastKnownFileType = sourcecode.swift; path = "Dictionary+Encoding+Extension.swift"; sourceTree = "<group>"; };
		9E9965F02ACC8EE500E90FE4 /* NetworkTarget+Default.swift */ = {isa = PBXFileReference; fileEncoding = 4; lastKnownFileType = sourcecode.swift; path = "NetworkTarget+Default.swift"; sourceTree = "<group>"; };
		9E9965F12ACC8EE500E90FE4 /* NetworkTarget.swift */ = {isa = PBXFileReference; fileEncoding = 4; lastKnownFileType = sourcecode.swift; path = NetworkTarget.swift; sourceTree = "<group>"; };
		9E9965F32ACC8EE500E90FE4 /* NetworkClient.swift */ = {isa = PBXFileReference; fileEncoding = 4; lastKnownFileType = sourcecode.swift; path = NetworkClient.swift; sourceTree = "<group>"; };
		9E9965F42ACC8EE500E90FE4 /* NetworkClientType.swift */ = {isa = PBXFileReference; fileEncoding = 4; lastKnownFileType = sourcecode.swift; path = NetworkClientType.swift; sourceTree = "<group>"; };
		9E9965F62ACC8EE500E90FE4 /* RequestBuilder.swift */ = {isa = PBXFileReference; fileEncoding = 4; lastKnownFileType = sourcecode.swift; path = RequestBuilder.swift; sourceTree = "<group>"; };
		9E9965F72ACC8EE500E90FE4 /* HttpRequest+RequestBuilder.swift */ = {isa = PBXFileReference; fileEncoding = 4; lastKnownFileType = sourcecode.swift; path = "HttpRequest+RequestBuilder.swift"; sourceTree = "<group>"; };
		9E9965F92ACC8EE500E90FE4 /* Constants.swift */ = {isa = PBXFileReference; fileEncoding = 4; lastKnownFileType = sourcecode.swift; path = Constants.swift; sourceTree = "<group>"; };
		9E9965FA2ACC8EE500E90FE4 /* UISize.swift */ = {isa = PBXFileReference; fileEncoding = 4; lastKnownFileType = sourcecode.swift; path = UISize.swift; sourceTree = "<group>"; };
		9E9965FB2ACC8EE500E90FE4 /* MessageHelper.swift */ = {isa = PBXFileReference; fileEncoding = 4; lastKnownFileType = sourcecode.swift; path = MessageHelper.swift; sourceTree = "<group>"; };
		9E9965FE2ACC8EE500E90FE4 /* UINavigationController+Extension.swift */ = {isa = PBXFileReference; fileEncoding = 4; lastKnownFileType = sourcecode.swift; path = "UINavigationController+Extension.swift"; sourceTree = "<group>"; };
		9E9965FF2ACC8EE500E90FE4 /* AppStyle.swift */ = {isa = PBXFileReference; fileEncoding = 4; lastKnownFileType = sourcecode.swift; path = AppStyle.swift; sourceTree = "<group>"; };
		9E9966002ACC8EE500E90FE4 /* NavigationController.swift */ = {isa = PBXFileReference; fileEncoding = 4; lastKnownFileType = sourcecode.swift; path = NavigationController.swift; sourceTree = "<group>"; };
		9E9966012ACC8EE500E90FE4 /* LoadingView.swift */ = {isa = PBXFileReference; fileEncoding = 4; lastKnownFileType = sourcecode.swift; path = LoadingView.swift; sourceTree = "<group>"; };
		9E9966022ACC8EE500E90FE4 /* Coordinator.swift */ = {isa = PBXFileReference; fileEncoding = 4; lastKnownFileType = sourcecode.swift; path = Coordinator.swift; sourceTree = "<group>"; };
		9E9966042ACC8EE500E90FE4 /* Log.swift */ = {isa = PBXFileReference; fileEncoding = 4; lastKnownFileType = sourcecode.swift; path = Log.swift; sourceTree = "<group>"; };
		9E9966052ACC8EE500E90FE4 /* Logger.swift */ = {isa = PBXFileReference; fileEncoding = 4; lastKnownFileType = sourcecode.swift; path = Logger.swift; sourceTree = "<group>"; };
		9E9966092ACC8EE500E90FE4 /* WorkScheduler.swift */ = {isa = PBXFileReference; fileEncoding = 4; lastKnownFileType = sourcecode.swift; path = WorkScheduler.swift; sourceTree = "<group>"; };
		9E99660D2ACC8EE500E90FE4 /* PokemonListResponseDTO+Mapping.swift */ = {isa = PBXFileReference; fileEncoding = 4; lastKnownFileType = sourcecode.swift; path = "PokemonListResponseDTO+Mapping.swift"; sourceTree = "<group>"; };
		9E99660E2ACC8EE500E90FE4 /* PokemonDetailResponseDTO+Mapping.swift */ = {isa = PBXFileReference; fileEncoding = 4; lastKnownFileType = sourcecode.swift; path = "PokemonDetailResponseDTO+Mapping.swift"; sourceTree = "<group>"; };
		9E9966102ACC8EE500E90FE4 /* PokemonDataRemoteServiceType.swift */ = {isa = PBXFileReference; fileEncoding = 4; lastKnownFileType = sourcecode.swift; path = PokemonDataRemoteServiceType.swift; sourceTree = "<group>"; };
		9E9966122ACC8EE500E90FE4 /* PokemonListDataRequest.swift */ = {isa = PBXFileReference; fileEncoding = 4; lastKnownFileType = sourcecode.swift; path = PokemonListDataRequest.swift; sourceTree = "<group>"; };
		9E9966132ACC8EE500E90FE4 /* PokemonDetailsDataRequest.swift */ = {isa = PBXFileReference; fileEncoding = 4; lastKnownFileType = sourcecode.swift; path = PokemonDetailsDataRequest.swift; sourceTree = "<group>"; };
		9E9966142ACC8EE500E90FE4 /* PokemonDataRemoteService.swift */ = {isa = PBXFileReference; fileEncoding = 4; lastKnownFileType = sourcecode.swift; path = PokemonDataRemoteService.swift; sourceTree = "<group>"; };
		9E9966162ACC8EE500E90FE4 /* PokemonRepository.swift */ = {isa = PBXFileReference; fileEncoding = 4; lastKnownFileType = sourcecode.swift; path = PokemonRepository.swift; sourceTree = "<group>"; };
		9E9966182ACC8EE500E90FE4 /* PokemonRepositoryType.swift */ = {isa = PBXFileReference; fileEncoding = 4; lastKnownFileType = sourcecode.swift; path = PokemonRepositoryType.swift; sourceTree = "<group>"; };
		9E99661D2ACC8EE500E90FE4 /* CoreDataManager.swift */ = {isa = PBXFileReference; fileEncoding = 4; lastKnownFileType = sourcecode.swift; path = CoreDataManager.swift; sourceTree = "<group>"; };
		9E9966202ACC8EE500E90FE4 /* CoreDataFetchResultsPublisher.swift */ = {isa = PBXFileReference; fileEncoding = 4; lastKnownFileType = sourcecode.swift; path = CoreDataFetchResultsPublisher.swift; sourceTree = "<group>"; };
		9E9966212ACC8EE500E90FE4 /* CoreDataSaveModelPublisher.swift */ = {isa = PBXFileReference; fileEncoding = 4; lastKnownFileType = sourcecode.swift; path = CoreDataSaveModelPublisher.swift; sourceTree = "<group>"; };
		9E9966222ACC8EE500E90FE4 /* CoreDataDeleteModelPublisher.swift */ = {isa = PBXFileReference; fileEncoding = 4; lastKnownFileType = sourcecode.swift; path = CoreDataDeleteModelPublisher.swift; sourceTree = "<group>"; };
		9E9966252ACC8EE500E90FE4 /* CustomError.swift */ = {isa = PBXFileReference; fileEncoding = 4; lastKnownFileType = sourcecode.swift; path = CustomError.swift; sourceTree = "<group>"; };
		9E9966272ACC8EE500E90FE4 /* FetchPokemonDetailsUseCase.swift */ = {isa = PBXFileReference; fileEncoding = 4; lastKnownFileType = sourcecode.swift; path = FetchPokemonDetailsUseCase.swift; sourceTree = "<group>"; };
		9E9966282ACC8EE500E90FE4 /* FetchPokemonListUseCase.swift */ = {isa = PBXFileReference; fileEncoding = 4; lastKnownFileType = sourcecode.swift; path = FetchPokemonListUseCase.swift; sourceTree = "<group>"; };
		9E99662A2ACC8EE500E90FE4 /* PokemonDetailsUseCaseType.swift */ = {isa = PBXFileReference; fileEncoding = 4; lastKnownFileType = sourcecode.swift; path = PokemonDetailsUseCaseType.swift; sourceTree = "<group>"; };
		9E99662B2ACC8EE500E90FE4 /* PokemonListUseCaseType.swift */ = {isa = PBXFileReference; fileEncoding = 4; lastKnownFileType = sourcecode.swift; path = PokemonListUseCaseType.swift; sourceTree = "<group>"; };
		9E99662D2ACC8EE500E90FE4 /* Pokemon.swift */ = {isa = PBXFileReference; fileEncoding = 4; lastKnownFileType = sourcecode.swift; path = Pokemon.swift; sourceTree = "<group>"; };
		9E99662E2ACC8EE500E90FE4 /* PokemonDetail.swift */ = {isa = PBXFileReference; fileEncoding = 4; lastKnownFileType = sourcecode.swift; path = PokemonDetail.swift; sourceTree = "<group>"; };
		9E9966312ACC8EE500E90FE4 /* UIView+Extensions.swift */ = {isa = PBXFileReference; fileEncoding = 4; lastKnownFileType = sourcecode.swift; path = "UIView+Extensions.swift"; sourceTree = "<group>"; };
		9E9966322ACC8EE500E90FE4 /* UIColor.swift */ = {isa = PBXFileReference; fileEncoding = 4; lastKnownFileType = sourcecode.swift; path = UIColor.swift; sourceTree = "<group>"; };
		9E9966342ACC8EE500E90FE4 /* UIImage+Extension.swift */ = {isa = PBXFileReference; fileEncoding = 4; lastKnownFileType = sourcecode.swift; path = "UIImage+Extension.swift"; sourceTree = "<group>"; };
		9E9966352ACC8EE500E90FE4 /* UIImageView+SDWebImage.swift */ = {isa = PBXFileReference; fileEncoding = 4; lastKnownFileType = sourcecode.swift; path = "UIImageView+SDWebImage.swift"; sourceTree = "<group>"; };
		9E9966372ACC8EE500E90FE4 /* UIViewController+StatusBarUtil.swift */ = {isa = PBXFileReference; fileEncoding = 4; lastKnownFileType = sourcecode.swift; path = "UIViewController+StatusBarUtil.swift"; sourceTree = "<group>"; };
		9E99663A2ACC8EE500E90FE4 /* MainCoordinator.swift */ = {isa = PBXFileReference; fileEncoding = 4; lastKnownFileType = sourcecode.swift; path = MainCoordinator.swift; sourceTree = "<group>"; };
		9E99663F2ACC8EE500E90FE4 /* PokemonDetailViewController.swift */ = {isa = PBXFileReference; fileEncoding = 4; lastKnownFileType = sourcecode.swift; path = PokemonDetailViewController.swift; sourceTree = "<group>"; };
		9E9966432ACC8EE500E90FE4 /* PokemonViewModel.swift */ = {isa = PBXFileReference; fileEncoding = 4; lastKnownFileType = sourcecode.swift; path = PokemonViewModel.swift; sourceTree = "<group>"; };
		9E9966462ACC8EE500E90FE4 /* PokemonListViewController.swift */ = {isa = PBXFileReference; fileEncoding = 4; lastKnownFileType = sourcecode.swift; path = PokemonListViewController.swift; sourceTree = "<group>"; };
		9E99668A2ACC9B9500E90FE4 /* ExpressPokemon.xcdatamodel */ = {isa = PBXFileReference; lastKnownFileType = wrapper.xcdatamodel; path = ExpressPokemon.xcdatamodel; sourceTree = "<group>"; };
		9E99668C2ACCB23200E90FE4 /* PokemonListView.swift */ = {isa = PBXFileReference; lastKnownFileType = sourcecode.swift; path = PokemonListView.swift; sourceTree = "<group>"; };
		9E9966912ACCB97F00E90FE4 /* AlertViewBuilder.swift */ = {isa = PBXFileReference; lastKnownFileType = sourcecode.swift; path = AlertViewBuilder.swift; sourceTree = "<group>"; };
		9E9966932ACCBA9200E90FE4 /* EmptyView.swift */ = {isa = PBXFileReference; lastKnownFileType = sourcecode.swift; path = EmptyView.swift; sourceTree = "<group>"; };
		9E99669A2ACD33AB00E90FE4 /* APIError+Extension.swift */ = {isa = PBXFileReference; lastKnownFileType = sourcecode.swift; path = "APIError+Extension.swift"; sourceTree = "<group>"; };
		9E99669C2ACD34C700E90FE4 /* UINavigationBarAppearance.swift */ = {isa = PBXFileReference; lastKnownFileType = sourcecode.swift; path = UINavigationBarAppearance.swift; sourceTree = "<group>"; };
		9E99669E2ACD35C100E90FE4 /* DIError+Extension.swift */ = {isa = PBXFileReference; lastKnownFileType = sourcecode.swift; path = "DIError+Extension.swift"; sourceTree = "<group>"; };
		9E9966A02ACD3CFD00E90FE4 /* PokemonListViewController+Extension.swift */ = {isa = PBXFileReference; lastKnownFileType = sourcecode.swift; path = "PokemonListViewController+Extension.swift"; sourceTree = "<group>"; };
		9E9966A22ACD404300E90FE4 /* PokemonViewModel+Extension.swift */ = {isa = PBXFileReference; lastKnownFileType = sourcecode.swift; path = "PokemonViewModel+Extension.swift"; sourceTree = "<group>"; };
		9E9966A42ACD45CB00E90FE4 /* Data.swift */ = {isa = PBXFileReference; lastKnownFileType = sourcecode.swift; path = Data.swift; sourceTree = "<group>"; };
		9E9966A62ACD479C00E90FE4 /* MainCoordinator+PokemonListDelegate.swift */ = {isa = PBXFileReference; lastKnownFileType = sourcecode.swift; path = "MainCoordinator+PokemonListDelegate.swift"; sourceTree = "<group>"; };
		9E9966A92ACD4CE100E90FE4 /* CardView.swift */ = {isa = PBXFileReference; lastKnownFileType = sourcecode.swift; path = CardView.swift; sourceTree = "<group>"; };
		9E9966AC2ACD4D2900E90FE4 /* PokemonCell.swift */ = {isa = PBXFileReference; lastKnownFileType = sourcecode.swift; path = PokemonCell.swift; sourceTree = "<group>"; };
		9E9966AE2ACD73D400E90FE4 /* PokemonListViewController+SearchBarDelegate.swift */ = {isa = PBXFileReference; lastKnownFileType = sourcecode.swift; path = "PokemonListViewController+SearchBarDelegate.swift"; sourceTree = "<group>"; };
		9E9966B02ACD954A00E90FE4 /* PokemonListView+Extension.swift */ = {isa = PBXFileReference; lastKnownFileType = sourcecode.swift; path = "PokemonListView+Extension.swift"; sourceTree = "<group>"; };
		9E9966B32ACD9E3700E90FE4 /* PokemonDetailCoordinator.swift */ = {isa = PBXFileReference; lastKnownFileType = sourcecode.swift; path = PokemonDetailCoordinator.swift; sourceTree = "<group>"; };
		9E9966B52ACD9F0200E90FE4 /* PokemonDetailCoordinator+PokemonDetailsDelegate.swift */ = {isa = PBXFileReference; lastKnownFileType = sourcecode.swift; path = "PokemonDetailCoordinator+PokemonDetailsDelegate.swift"; sourceTree = "<group>"; };
		9E9966B82ACDA57C00E90FE4 /* HeroImageTableViewCell.swift */ = {isa = PBXFileReference; lastKnownFileType = sourcecode.swift; path = HeroImageTableViewCell.swift; sourceTree = "<group>"; };
		9E9966BA2ACDA5B100E90FE4 /* DetailTableViewCell.swift */ = {isa = PBXFileReference; lastKnownFileType = sourcecode.swift; path = DetailTableViewCell.swift; sourceTree = "<group>"; };
		9E9966BC2ACDA5CF00E90FE4 /* StatsTableViewCell.swift */ = {isa = PBXFileReference; lastKnownFileType = sourcecode.swift; path = StatsTableViewCell.swift; sourceTree = "<group>"; };
		9E9966BE2ACDA67600E90FE4 /* PokemonDetailViewController+Extension.swift */ = {isa = PBXFileReference; lastKnownFileType = sourcecode.swift; path = "PokemonDetailViewController+Extension.swift"; sourceTree = "<group>"; };
		9E9966C02ACDA72300E90FE4 /* AbilitiesTableViewCell.swift */ = {isa = PBXFileReference; lastKnownFileType = sourcecode.swift; path = AbilitiesTableViewCell.swift; sourceTree = "<group>"; };
		9E9966C22ACDA81B00E90FE4 /* PokemonDetailViewModel.swift */ = {isa = PBXFileReference; lastKnownFileType = sourcecode.swift; path = PokemonDetailViewModel.swift; sourceTree = "<group>"; };
		9E9966C42ACDA87F00E90FE4 /* PokemonDetailViewModel+Extension.swift */ = {isa = PBXFileReference; lastKnownFileType = sourcecode.swift; path = "PokemonDetailViewModel+Extension.swift"; sourceTree = "<group>"; };
		9E9966C62ACDAB4500E90FE4 /* PokemonDetailView.swift */ = {isa = PBXFileReference; lastKnownFileType = sourcecode.swift; path = PokemonDetailView.swift; sourceTree = "<group>"; };
		9E9966C92ACDABC900E90FE4 /* PokemonDetailView+Extension.swift */ = {isa = PBXFileReference; lastKnownFileType = sourcecode.swift; path = "PokemonDetailView+Extension.swift"; sourceTree = "<group>"; };
		9E9966CC2ACDEE6500E90FE4 /* StatProgressView.swift */ = {isa = PBXFileReference; lastKnownFileType = sourcecode.swift; path = StatProgressView.swift; sourceTree = "<group>"; };
		9E9966CE2ACE00FE00E90FE4 /* AbilityView.swift */ = {isa = PBXFileReference; lastKnownFileType = sourcecode.swift; path = AbilityView.swift; sourceTree = "<group>"; };
		9E9966D02ACE210D00E90FE4 /* Info.plist */ = {isa = PBXFileReference; fileEncoding = 4; lastKnownFileType = text.plist.xml; path = Info.plist; sourceTree = "<group>"; };
		9E9966D22ACE3CD700E90FE4 /* PokemonListResponseStorageType.swift */ = {isa = PBXFileReference; lastKnownFileType = sourcecode.swift; path = PokemonListResponseStorageType.swift; sourceTree = "<group>"; };
		9E9966D42ACE3DBF00E90FE4 /* CoreDataPokemonListResponseStorage.swift */ = {isa = PBXFileReference; lastKnownFileType = sourcecode.swift; path = CoreDataPokemonListResponseStorage.swift; sourceTree = "<group>"; };
		9E9966D62ACE4E6000E90FE4 /* CoreDataBatchDeleteModelsPublisher.swift */ = {isa = PBXFileReference; lastKnownFileType = sourcecode.swift; path = CoreDataBatchDeleteModelsPublisher.swift; sourceTree = "<group>"; };
		9E9966D82ACE566700E90FE4 /* PokemonViewModel+Cache.swift */ = {isa = PBXFileReference; lastKnownFileType = sourcecode.swift; path = "PokemonViewModel+Cache.swift"; sourceTree = "<group>"; };
		9E9966DB2ACEEC1F00E90FE4 /* Double+Extension.swift */ = {isa = PBXFileReference; lastKnownFileType = sourcecode.swift; path = "Double+Extension.swift"; sourceTree = "<group>"; };
		9E9966E22ACF10C700E90FE4 /* PokemonViewModelTests.swift */ = {isa = PBXFileReference; lastKnownFileType = sourcecode.swift; path = PokemonViewModelTests.swift; sourceTree = "<group>"; };
		9E9966E52ACF19A300E90FE4 /* GeneratedMocks.swift */ = {isa = PBXFileReference; fileEncoding = 4; lastKnownFileType = sourcecode.swift; path = GeneratedMocks.swift; sourceTree = "<group>"; };
		9E9966E72ACF235200E90FE4 /* PokemonViewModel+SampleMockData.swift */ = {isa = PBXFileReference; lastKnownFileType = sourcecode.swift; path = "PokemonViewModel+SampleMockData.swift"; sourceTree = "<group>"; };
		BFA409BCF02599B1DBD45E3C /* Pods-ExpressPokemon-ExpressPokemonUITests.release.xcconfig */ = {isa = PBXFileReference; includeInIndex = 1; lastKnownFileType = text.xcconfig; name = "Pods-ExpressPokemon-ExpressPokemonUITests.release.xcconfig"; path = "Target Support Files/Pods-ExpressPokemon-ExpressPokemonUITests/Pods-ExpressPokemon-ExpressPokemonUITests.release.xcconfig"; sourceTree = "<group>"; };
		D46C5DFF3BFEB23CBAA7E639 /* Pods-ExpressPokemonTests.debug.xcconfig */ = {isa = PBXFileReference; includeInIndex = 1; lastKnownFileType = text.xcconfig; name = "Pods-ExpressPokemonTests.debug.xcconfig"; path = "Target Support Files/Pods-ExpressPokemonTests/Pods-ExpressPokemonTests.debug.xcconfig"; sourceTree = "<group>"; };
		F4021A07D4983BDF98FA4B5B /* Pods_ExpressPokemon_ExpressPokemonUITests.framework */ = {isa = PBXFileReference; explicitFileType = wrapper.framework; includeInIndex = 0; path = Pods_ExpressPokemon_ExpressPokemonUITests.framework; sourceTree = BUILT_PRODUCTS_DIR; };
		F457CE53719AA3047F605AE0 /* Pods_ExpressPokemonTests.framework */ = {isa = PBXFileReference; explicitFileType = wrapper.framework; includeInIndex = 0; path = Pods_ExpressPokemonTests.framework; sourceTree = BUILT_PRODUCTS_DIR; };
		FECF2D8226B66671EEE5523E /* Pods-ExpressPokemon.release.xcconfig */ = {isa = PBXFileReference; includeInIndex = 1; lastKnownFileType = text.xcconfig; name = "Pods-ExpressPokemon.release.xcconfig"; path = "Target Support Files/Pods-ExpressPokemon/Pods-ExpressPokemon.release.xcconfig"; sourceTree = "<group>"; };
/* End PBXFileReference section */

/* Begin PBXFrameworksBuildPhase section */
		9E9965A32ACC85CE00E90FE4 /* Frameworks */ = {
			isa = PBXFrameworksBuildPhase;
			buildActionMask = 2147483647;
			files = (
				0C96722B7232B442D28147C3 /* Pods_ExpressPokemon.framework in Frameworks */,
			);
			runOnlyForDeploymentPostprocessing = 0;
		};
		9E9965BC2ACC85CF00E90FE4 /* Frameworks */ = {
			isa = PBXFrameworksBuildPhase;
			buildActionMask = 2147483647;
			files = (
				3F4E037D1C40CA70938BE8C0 /* Pods_ExpressPokemonTests.framework in Frameworks */,
			);
			runOnlyForDeploymentPostprocessing = 0;
		};
		9E9965C62ACC85CF00E90FE4 /* Frameworks */ = {
			isa = PBXFrameworksBuildPhase;
			buildActionMask = 2147483647;
			files = (
				2844F2C912F50543CE9C2D9F /* Pods_ExpressPokemon_ExpressPokemonUITests.framework in Frameworks */,
			);
			runOnlyForDeploymentPostprocessing = 0;
		};
/* End PBXFrameworksBuildPhase section */

/* Begin PBXGroup section */
		7B0D722AB2EE2BFE15D67791 /* Pods */ = {
			isa = PBXGroup;
			children = (
				08E9E9A27295457CF02FE171 /* Pods-ExpressPokemon.debug.xcconfig */,
				FECF2D8226B66671EEE5523E /* Pods-ExpressPokemon.release.xcconfig */,
				0AF5844D8FF64AEFB278AF5F /* Pods-ExpressPokemon-ExpressPokemonUITests.debug.xcconfig */,
				BFA409BCF02599B1DBD45E3C /* Pods-ExpressPokemon-ExpressPokemonUITests.release.xcconfig */,
				D46C5DFF3BFEB23CBAA7E639 /* Pods-ExpressPokemonTests.debug.xcconfig */,
				149DF7CE991CE88B02917953 /* Pods-ExpressPokemonTests.release.xcconfig */,
			);
			path = Pods;
			sourceTree = "<group>";
		};
		9E68E3542ACFFEB600A1529B /* PokemonDetails */ = {
			isa = PBXGroup;
			children = (
				9E68E3582AD0007700A1529B /* Resources */,
				9E68E3552ACFFEDA00A1529B /* ViewModel */,
			);
			path = PokemonDetails;
			sourceTree = "<group>";
		};
		9E68E3552ACFFEDA00A1529B /* ViewModel */ = {
			isa = PBXGroup;
			children = (
				9E68E3562ACFFF1100A1529B /* PokemonDetailsViewModelTests.swift */,
			);
			path = ViewModel;
			sourceTree = "<group>";
		};
		9E68E3582AD0007700A1529B /* Resources */ = {
			isa = PBXGroup;
			children = (
				9E68E3592AD000AB00A1529B /* SamplePokemonDetailResponse.json */,
			);
			path = Resources;
			sourceTree = "<group>";
		};
		9E99659D2ACC85CE00E90FE4 = {
			isa = PBXGroup;
			children = (
				9E9965A82ACC85CE00E90FE4 /* ExpressPokemon */,
				9E9965C22ACC85CF00E90FE4 /* ExpressPokemonTests */,
				9E9965CC2ACC85CF00E90FE4 /* ExpressPokemonUITests */,
				9E9965A72ACC85CE00E90FE4 /* Products */,
				7B0D722AB2EE2BFE15D67791 /* Pods */,
				ADF4C0F5EF41BAE78041FB53 /* Frameworks */,
			);
			sourceTree = "<group>";
		};
		9E9965A72ACC85CE00E90FE4 /* Products */ = {
			isa = PBXGroup;
			children = (
				9E9965A62ACC85CE00E90FE4 /* ExpressPokemon.app */,
				9E9965BF2ACC85CF00E90FE4 /* ExpressPokemonTests.xctest */,
				9E9965C92ACC85CF00E90FE4 /* ExpressPokemonUITests.xctest */,
			);
			name = Products;
			sourceTree = "<group>";
		};
		9E9965A82ACC85CE00E90FE4 /* ExpressPokemon */ = {
			isa = PBXGroup;
			children = (
				9E9965DE2ACC8EE500E90FE4 /* App */,
				9E9966822ACC8EF700E90FE4 /* Resources */,
				9E9966882ACC8FE500E90FE4 /* AppDelegate */,
				9E9966D02ACE210D00E90FE4 /* Info.plist */,
			);
			path = ExpressPokemon;
			sourceTree = "<group>";
		};
		9E9965C22ACC85CF00E90FE4 /* ExpressPokemonTests */ = {
			isa = PBXGroup;
			children = (
				9E9966E42ACF19A300E90FE4 /* CuckooMocks */,
				9E9966DF2ACF108900E90FE4 /* Presentation */,
				9E9965C32ACC85CF00E90FE4 /* ExpressPokemonTests.swift */,
			);
			path = ExpressPokemonTests;
			sourceTree = "<group>";
		};
		9E9965CC2ACC85CF00E90FE4 /* ExpressPokemonUITests */ = {
			isa = PBXGroup;
			children = (
				9E9965CD2ACC85CF00E90FE4 /* ExpressPokemonUITests.swift */,
				9E9965CF2ACC85CF00E90FE4 /* ExpressPokemonUITestsLaunchTests.swift */,
			);
			path = ExpressPokemonUITests;
			sourceTree = "<group>";
		};
		9E9965DE2ACC8EE500E90FE4 /* App */ = {
			isa = PBXGroup;
			children = (
				9E9965DF2ACC8EE500E90FE4 /* DI */,
				9E9965E32ACC8EE500E90FE4 /* Core */,
				9E99660A2ACC8EE500E90FE4 /* Data */,
				9E9966232ACC8EE500E90FE4 /* Domain */,
				9E99662F2ACC8EE500E90FE4 /* Presentation */,
			);
			path = App;
			sourceTree = "<group>";
		};
		9E9965DF2ACC8EE500E90FE4 /* DI */ = {
			isa = PBXGroup;
			children = (
				9E9965E02ACC8EE500E90FE4 /* DIError.swift */,
				9E99669E2ACD35C100E90FE4 /* DIError+Extension.swift */,
				9E9965E22ACC8EE500E90FE4 /* DIContainer.swift */,
				9E9965E12ACC8EE500E90FE4 /* DIContainer+Extension.swift */,
			);
			path = DI;
			sourceTree = "<group>";
		};
		9E9965E32ACC8EE500E90FE4 /* Core */ = {
			isa = PBXGroup;
			children = (
				9E9966DA2ACEEBF700E90FE4 /* DataExtensions */,
				9E9965E42ACC8EE500E90FE4 /* Networking */,
				9E9965F82ACC8EE500E90FE4 /* Constants */,
				9E9965FC2ACC8EE500E90FE4 /* Components */,
				9E9966032ACC8EE500E90FE4 /* Log */,
				9E9966082ACC8EE500E90FE4 /* WorkScheduler */,
			);
			path = Core;
			sourceTree = "<group>";
		};
		9E9965E42ACC8EE500E90FE4 /* Networking */ = {
			isa = PBXGroup;
			children = (
				9E9965E52ACC8EE500E90FE4 /* ClientManager */,
				9E9965E72ACC8EE500E90FE4 /* Util */,
				9E9965EB2ACC8EE500E90FE4 /* Type */,
				9E9965EF2ACC8EE500E90FE4 /* Request */,
				9E9965F22ACC8EE500E90FE4 /* Client */,
				9E9965F52ACC8EE500E90FE4 /* RequestBuilder */,
			);
			path = Networking;
			sourceTree = "<group>";
		};
		9E9965E52ACC8EE500E90FE4 /* ClientManager */ = {
			isa = PBXGroup;
			children = (
				9E9965E62ACC8EE500E90FE4 /* NetworkingClientManager.swift */,
			);
			path = ClientManager;
			sourceTree = "<group>";
		};
		9E9965E72ACC8EE500E90FE4 /* Util */ = {
			isa = PBXGroup;
			children = (
				9E9965E82ACC8EE500E90FE4 /* APIError.swift */,
				9E9965E92ACC8EE500E90FE4 /* BaseAPIDebugger.swift */,
				9E9965EA2ACC8EE500E90FE4 /* BaseURLEnvironment+Configuration.swift */,
				9E99669A2ACD33AB00E90FE4 /* APIError+Extension.swift */,
				9E9966A42ACD45CB00E90FE4 /* Data.swift */,
			);
			path = Util;
			sourceTree = "<group>";
		};
		9E9965EB2ACC8EE500E90FE4 /* Type */ = {
			isa = PBXGroup;
			children = (
				9E9965EC2ACC8EE500E90FE4 /* URLEncoding.swift */,
				9E9965ED2ACC8EE500E90FE4 /* HTTPMethod.swift */,
				9E9965EE2ACC8EE500E90FE4 /* Dictionary+Encoding+Extension.swift */,
			);
			path = Type;
			sourceTree = "<group>";
		};
		9E9965EF2ACC8EE500E90FE4 /* Request */ = {
			isa = PBXGroup;
			children = (
				9E9965F02ACC8EE500E90FE4 /* NetworkTarget+Default.swift */,
				9E9965F12ACC8EE500E90FE4 /* NetworkTarget.swift */,
			);
			path = Request;
			sourceTree = "<group>";
		};
		9E9965F22ACC8EE500E90FE4 /* Client */ = {
			isa = PBXGroup;
			children = (
				9E9965F32ACC8EE500E90FE4 /* NetworkClient.swift */,
				9E9965F42ACC8EE500E90FE4 /* NetworkClientType.swift */,
			);
			path = Client;
			sourceTree = "<group>";
		};
		9E9965F52ACC8EE500E90FE4 /* RequestBuilder */ = {
			isa = PBXGroup;
			children = (
				9E9965F62ACC8EE500E90FE4 /* RequestBuilder.swift */,
				9E9965F72ACC8EE500E90FE4 /* HttpRequest+RequestBuilder.swift */,
			);
			path = RequestBuilder;
			sourceTree = "<group>";
		};
		9E9965F82ACC8EE500E90FE4 /* Constants */ = {
			isa = PBXGroup;
			children = (
				9E9965F92ACC8EE500E90FE4 /* Constants.swift */,
				9E9965FA2ACC8EE500E90FE4 /* UISize.swift */,
				9E9965FB2ACC8EE500E90FE4 /* MessageHelper.swift */,
			);
			path = Constants;
			sourceTree = "<group>";
		};
		9E9965FC2ACC8EE500E90FE4 /* Components */ = {
			isa = PBXGroup;
			children = (
				9E9966902ACCB96500E90FE4 /* AlertViewBuilder */,
				9E9965FD2ACC8EE500E90FE4 /* Extensions */,
				9E9965FF2ACC8EE500E90FE4 /* AppStyle.swift */,
				9E9966002ACC8EE500E90FE4 /* NavigationController.swift */,
				9E9966012ACC8EE500E90FE4 /* LoadingView.swift */,
				9E9966022ACC8EE500E90FE4 /* Coordinator.swift */,
				9E9966932ACCBA9200E90FE4 /* EmptyView.swift */,
			);
			path = Components;
			sourceTree = "<group>";
		};
		9E9965FD2ACC8EE500E90FE4 /* Extensions */ = {
			isa = PBXGroup;
			children = (
				9E9966372ACC8EE500E90FE4 /* UIViewController+StatusBarUtil.swift */,
				9E9966312ACC8EE500E90FE4 /* UIView+Extensions.swift */,
				9E9966322ACC8EE500E90FE4 /* UIColor.swift */,
				9E9965FE2ACC8EE500E90FE4 /* UINavigationController+Extension.swift */,
				9E99669C2ACD34C700E90FE4 /* UINavigationBarAppearance.swift */,
			);
			path = Extensions;
			sourceTree = "<group>";
		};
		9E9966032ACC8EE500E90FE4 /* Log */ = {
			isa = PBXGroup;
			children = (
				9E9966042ACC8EE500E90FE4 /* Log.swift */,
				9E9966052ACC8EE500E90FE4 /* Logger.swift */,
			);
			path = Log;
			sourceTree = "<group>";
		};
		9E9966082ACC8EE500E90FE4 /* WorkScheduler */ = {
			isa = PBXGroup;
			children = (
				9E9966092ACC8EE500E90FE4 /* WorkScheduler.swift */,
			);
			path = WorkScheduler;
			sourceTree = "<group>";
		};
		9E99660A2ACC8EE500E90FE4 /* Data */ = {
			isa = PBXGroup;
			children = (
				9E99660B2ACC8EE500E90FE4 /* Network */,
				9E9966152ACC8EE500E90FE4 /* Repositories */,
				9E9966192ACC8EE500E90FE4 /* PersistentStorages */,
			);
			path = Data;
			sourceTree = "<group>";
		};
		9E99660B2ACC8EE500E90FE4 /* Network */ = {
			isa = PBXGroup;
			children = (
				9E99660C2ACC8EE500E90FE4 /* ResponseDataMapping */,
				9E99660F2ACC8EE500E90FE4 /* APIService */,
			);
			path = Network;
			sourceTree = "<group>";
		};
		9E99660C2ACC8EE500E90FE4 /* ResponseDataMapping */ = {
			isa = PBXGroup;
			children = (
				9E99660D2ACC8EE500E90FE4 /* PokemonListResponseDTO+Mapping.swift */,
				9E99660E2ACC8EE500E90FE4 /* PokemonDetailResponseDTO+Mapping.swift */,
			);
			path = ResponseDataMapping;
			sourceTree = "<group>";
		};
		9E99660F2ACC8EE500E90FE4 /* APIService */ = {
			isa = PBXGroup;
			children = (
				9E9966112ACC8EE500E90FE4 /* DataRequests */,
				9E9966102ACC8EE500E90FE4 /* PokemonDataRemoteServiceType.swift */,
				9E9966142ACC8EE500E90FE4 /* PokemonDataRemoteService.swift */,
			);
			path = APIService;
			sourceTree = "<group>";
		};
		9E9966112ACC8EE500E90FE4 /* DataRequests */ = {
			isa = PBXGroup;
			children = (
				9E9966122ACC8EE500E90FE4 /* PokemonListDataRequest.swift */,
				9E9966132ACC8EE500E90FE4 /* PokemonDetailsDataRequest.swift */,
			);
			path = DataRequests;
			sourceTree = "<group>";
		};
		9E9966152ACC8EE500E90FE4 /* Repositories */ = {
			isa = PBXGroup;
			children = (
				9E9966162ACC8EE500E90FE4 /* PokemonRepository.swift */,
				9E9966172ACC8EE500E90FE4 /* Interfaces */,
			);
			path = Repositories;
			sourceTree = "<group>";
		};
		9E9966172ACC8EE500E90FE4 /* Interfaces */ = {
			isa = PBXGroup;
			children = (
				9E9966182ACC8EE500E90FE4 /* PokemonRepositoryType.swift */,
			);
			path = Interfaces;
			sourceTree = "<group>";
		};
		9E9966192ACC8EE500E90FE4 /* PersistentStorages */ = {
			isa = PBXGroup;
			children = (
				9E99661A2ACC8EE500E90FE4 /* PokemonListResponseStorage */,
				9E99661C2ACC8EE500E90FE4 /* CoreDataStorage */,
			);
			path = PersistentStorages;
			sourceTree = "<group>";
		};
		9E99661A2ACC8EE500E90FE4 /* PokemonListResponseStorage */ = {
			isa = PBXGroup;
			children = (
				9E9966D22ACE3CD700E90FE4 /* PokemonListResponseStorageType.swift */,
				9E9966D42ACE3DBF00E90FE4 /* CoreDataPokemonListResponseStorage.swift */,
			);
			path = PokemonListResponseStorage;
			sourceTree = "<group>";
		};
		9E99661C2ACC8EE500E90FE4 /* CoreDataStorage */ = {
			isa = PBXGroup;
			children = (
				9E9966892ACC9B9500E90FE4 /* ExpressPokemon.xcdatamodeld */,
				9E99661D2ACC8EE500E90FE4 /* CoreDataManager.swift */,
				9E9966202ACC8EE500E90FE4 /* CoreDataFetchResultsPublisher.swift */,
				9E9966212ACC8EE500E90FE4 /* CoreDataSaveModelPublisher.swift */,
				9E9966222ACC8EE500E90FE4 /* CoreDataDeleteModelPublisher.swift */,
				9E9966D62ACE4E6000E90FE4 /* CoreDataBatchDeleteModelsPublisher.swift */,
			);
			path = CoreDataStorage;
			sourceTree = "<group>";
		};
		9E9966232ACC8EE500E90FE4 /* Domain */ = {
			isa = PBXGroup;
			children = (
				9E9966242ACC8EE500E90FE4 /* Errors */,
				9E9966262ACC8EE500E90FE4 /* UseCases */,
				9E99662C2ACC8EE500E90FE4 /* Entities */,
			);
			path = Domain;
			sourceTree = "<group>";
		};
		9E9966242ACC8EE500E90FE4 /* Errors */ = {
			isa = PBXGroup;
			children = (
				9E9966252ACC8EE500E90FE4 /* CustomError.swift */,
			);
			path = Errors;
			sourceTree = "<group>";
		};
		9E9966262ACC8EE500E90FE4 /* UseCases */ = {
			isa = PBXGroup;
			children = (
				9E9966272ACC8EE500E90FE4 /* FetchPokemonDetailsUseCase.swift */,
				9E9966282ACC8EE500E90FE4 /* FetchPokemonListUseCase.swift */,
				9E9966292ACC8EE500E90FE4 /* Interfaces */,
			);
			path = UseCases;
			sourceTree = "<group>";
		};
		9E9966292ACC8EE500E90FE4 /* Interfaces */ = {
			isa = PBXGroup;
			children = (
				9E99662A2ACC8EE500E90FE4 /* PokemonDetailsUseCaseType.swift */,
				9E99662B2ACC8EE500E90FE4 /* PokemonListUseCaseType.swift */,
			);
			path = Interfaces;
			sourceTree = "<group>";
		};
		9E99662C2ACC8EE500E90FE4 /* Entities */ = {
			isa = PBXGroup;
			children = (
				9E99662D2ACC8EE500E90FE4 /* Pokemon.swift */,
				9E99662E2ACC8EE500E90FE4 /* PokemonDetail.swift */,
			);
			path = Entities;
			sourceTree = "<group>";
		};
		9E99662F2ACC8EE500E90FE4 /* Presentation */ = {
			isa = PBXGroup;
			children = (
				9E9966302ACC8EE500E90FE4 /* UIHelpers */,
				9E9966382ACC8EE500E90FE4 /* PokemonScene */,
			);
			path = Presentation;
			sourceTree = "<group>";
		};
		9E9966302ACC8EE500E90FE4 /* UIHelpers */ = {
			isa = PBXGroup;
			children = (
				9E9966342ACC8EE500E90FE4 /* UIImage+Extension.swift */,
				9E9966352ACC8EE500E90FE4 /* UIImageView+SDWebImage.swift */,
			);
			path = UIHelpers;
			sourceTree = "<group>";
		};
		9E9966382ACC8EE500E90FE4 /* PokemonScene */ = {
			isa = PBXGroup;
			children = (
				9E9966412ACC8EE500E90FE4 /* PokemonList */,
				9E99663B2ACC8EE500E90FE4 /* PokemonDetails */,
			);
			path = PokemonScene;
			sourceTree = "<group>";
		};
		9E9966392ACC8EE500E90FE4 /* Coordinator */ = {
			isa = PBXGroup;
			children = (
				9E99663A2ACC8EE500E90FE4 /* MainCoordinator.swift */,
				9E9966A62ACD479C00E90FE4 /* MainCoordinator+PokemonListDelegate.swift */,
			);
			path = Coordinator;
			sourceTree = "<group>";
		};
		9E99663B2ACC8EE500E90FE4 /* PokemonDetails */ = {
			isa = PBXGroup;
			children = (
				9E9966B22ACD9E1300E90FE4 /* Coordinator */,
				9E99663C2ACC8EE500E90FE4 /* ViewModel */,
				9E99663D2ACC8EE500E90FE4 /* View */,
			);
			path = PokemonDetails;
			sourceTree = "<group>";
		};
		9E99663C2ACC8EE500E90FE4 /* ViewModel */ = {
			isa = PBXGroup;
			children = (
				9E9966C22ACDA81B00E90FE4 /* PokemonDetailViewModel.swift */,
				9E9966C42ACDA87F00E90FE4 /* PokemonDetailViewModel+Extension.swift */,
			);
			path = ViewModel;
			sourceTree = "<group>";
		};
		9E99663D2ACC8EE500E90FE4 /* View */ = {
			isa = PBXGroup;
			children = (
				9E9966B72ACDA54200E90FE4 /* CustomCells */,
				9E99663E2ACC8EE500E90FE4 /* Controller */,
				9E9966C62ACDAB4500E90FE4 /* PokemonDetailView.swift */,
				9E9966C92ACDABC900E90FE4 /* PokemonDetailView+Extension.swift */,
			);
			path = View;
			sourceTree = "<group>";
		};
		9E99663E2ACC8EE500E90FE4 /* Controller */ = {
			isa = PBXGroup;
			children = (
				9E99663F2ACC8EE500E90FE4 /* PokemonDetailViewController.swift */,
				9E9966BE2ACDA67600E90FE4 /* PokemonDetailViewController+Extension.swift */,
			);
			path = Controller;
			sourceTree = "<group>";
		};
		9E9966412ACC8EE500E90FE4 /* PokemonList */ = {
			isa = PBXGroup;
			children = (
				9E9966392ACC8EE500E90FE4 /* Coordinator */,
				9E9966422ACC8EE500E90FE4 /* ViewModel */,
				9E9966442ACC8EE500E90FE4 /* View */,
			);
			path = PokemonList;
			sourceTree = "<group>";
		};
		9E9966422ACC8EE500E90FE4 /* ViewModel */ = {
			isa = PBXGroup;
			children = (
				9E9966432ACC8EE500E90FE4 /* PokemonViewModel.swift */,
				9E9966A22ACD404300E90FE4 /* PokemonViewModel+Extension.swift */,
				9E9966D82ACE566700E90FE4 /* PokemonViewModel+Cache.swift */,
			);
			path = ViewModel;
			sourceTree = "<group>";
		};
		9E9966442ACC8EE500E90FE4 /* View */ = {
			isa = PBXGroup;
			children = (
				9E9966AB2ACD4D0600E90FE4 /* CustomCell */,
				9E9966A82ACD4CC000E90FE4 /* CustomCard */,
				9E9966452ACC8EE500E90FE4 /* Controller */,
				9E99668C2ACCB23200E90FE4 /* PokemonListView.swift */,
				9E9966B02ACD954A00E90FE4 /* PokemonListView+Extension.swift */,
			);
			path = View;
			sourceTree = "<group>";
		};
		9E9966452ACC8EE500E90FE4 /* Controller */ = {
			isa = PBXGroup;
			children = (
				9E9966462ACC8EE500E90FE4 /* PokemonListViewController.swift */,
				9E9966A02ACD3CFD00E90FE4 /* PokemonListViewController+Extension.swift */,
				9E9966AE2ACD73D400E90FE4 /* PokemonListViewController+SearchBarDelegate.swift */,
			);
			path = Controller;
			sourceTree = "<group>";
		};
		9E9966822ACC8EF700E90FE4 /* Resources */ = {
			isa = PBXGroup;
			children = (
				9E9965B52ACC85CF00E90FE4 /* Assets.xcassets */,
				9E9965B72ACC85CF00E90FE4 /* LaunchScreen.storyboard */,
			);
			path = Resources;
			sourceTree = "<group>";
		};
		9E9966882ACC8FE500E90FE4 /* AppDelegate */ = {
			isa = PBXGroup;
			children = (
				9E9965A92ACC85CE00E90FE4 /* AppDelegate.swift */,
				9E9965AB2ACC85CE00E90FE4 /* SceneDelegate.swift */,
			);
			path = AppDelegate;
			sourceTree = "<group>";
		};
		9E9966902ACCB96500E90FE4 /* AlertViewBuilder */ = {
			isa = PBXGroup;
			children = (
				9E9966912ACCB97F00E90FE4 /* AlertViewBuilder.swift */,
			);
			path = AlertViewBuilder;
			sourceTree = "<group>";
		};
		9E9966A82ACD4CC000E90FE4 /* CustomCard */ = {
			isa = PBXGroup;
			children = (
				9E9966A92ACD4CE100E90FE4 /* CardView.swift */,
			);
			path = CustomCard;
			sourceTree = "<group>";
		};
		9E9966AB2ACD4D0600E90FE4 /* CustomCell */ = {
			isa = PBXGroup;
			children = (
				9E9966AC2ACD4D2900E90FE4 /* PokemonCell.swift */,
			);
			path = CustomCell;
			sourceTree = "<group>";
		};
		9E9966B22ACD9E1300E90FE4 /* Coordinator */ = {
			isa = PBXGroup;
			children = (
				9E9966B32ACD9E3700E90FE4 /* PokemonDetailCoordinator.swift */,
				9E9966B52ACD9F0200E90FE4 /* PokemonDetailCoordinator+PokemonDetailsDelegate.swift */,
			);
			path = Coordinator;
			sourceTree = "<group>";
		};
		9E9966B72ACDA54200E90FE4 /* CustomCells */ = {
			isa = PBXGroup;
			children = (
				9E9966CB2ACDEE4600E90FE4 /* Views */,
				9E9966B82ACDA57C00E90FE4 /* HeroImageTableViewCell.swift */,
				9E9966BA2ACDA5B100E90FE4 /* DetailTableViewCell.swift */,
				9E9966BC2ACDA5CF00E90FE4 /* StatsTableViewCell.swift */,
				9E9966C02ACDA72300E90FE4 /* AbilitiesTableViewCell.swift */,
			);
			path = CustomCells;
			sourceTree = "<group>";
		};
		9E9966CB2ACDEE4600E90FE4 /* Views */ = {
			isa = PBXGroup;
			children = (
				9E9966CC2ACDEE6500E90FE4 /* StatProgressView.swift */,
				9E9966CE2ACE00FE00E90FE4 /* AbilityView.swift */,
			);
			path = Views;
			sourceTree = "<group>";
		};
		9E9966DA2ACEEBF700E90FE4 /* DataExtensions */ = {
			isa = PBXGroup;
			children = (
				9E9966DB2ACEEC1F00E90FE4 /* Double+Extension.swift */,
			);
			path = DataExtensions;
			sourceTree = "<group>";
		};
		9E9966DF2ACF108900E90FE4 /* Presentation */ = {
			isa = PBXGroup;
			children = (
				9E9966E02ACF109C00E90FE4 /* PokemonList */,
				9E68E3542ACFFEB600A1529B /* PokemonDetails */,
			);
			path = Presentation;
			sourceTree = "<group>";
		};
		9E9966E02ACF109C00E90FE4 /* PokemonList */ = {
			isa = PBXGroup;
			children = (
				9E9966E12ACF10AE00E90FE4 /* ViewModel */,
			);
			path = PokemonList;
			sourceTree = "<group>";
		};
		9E9966E12ACF10AE00E90FE4 /* ViewModel */ = {
			isa = PBXGroup;
			children = (
				9E9966E22ACF10C700E90FE4 /* PokemonViewModelTests.swift */,
				9E9966E72ACF235200E90FE4 /* PokemonViewModel+SampleMockData.swift */,
			);
			path = ViewModel;
			sourceTree = "<group>";
		};
		9E9966E42ACF19A300E90FE4 /* CuckooMocks */ = {
			isa = PBXGroup;
			children = (
				9E9966E52ACF19A300E90FE4 /* GeneratedMocks.swift */,
			);
			path = CuckooMocks;
			sourceTree = "<group>";
		};
		ADF4C0F5EF41BAE78041FB53 /* Frameworks */ = {
			isa = PBXGroup;
			children = (
				5998DEC6782E09DCB45DAED8 /* Pods_ExpressPokemon.framework */,
				F4021A07D4983BDF98FA4B5B /* Pods_ExpressPokemon_ExpressPokemonUITests.framework */,
				F457CE53719AA3047F605AE0 /* Pods_ExpressPokemonTests.framework */,
			);
			name = Frameworks;
			sourceTree = "<group>";
		};
/* End PBXGroup section */

/* Begin PBXNativeTarget section */
		9E9965A52ACC85CE00E90FE4 /* ExpressPokemon */ = {
			isa = PBXNativeTarget;
			buildConfigurationList = 9E9965D32ACC85CF00E90FE4 /* Build configuration list for PBXNativeTarget "ExpressPokemon" */;
			buildPhases = (
				8F2C99E946653C4CE9717070 /* [CP] Check Pods Manifest.lock */,
				9E9966952ACD19F500E90FE4 /* SwiftLint */,
				9E9965A22ACC85CE00E90FE4 /* Sources */,
				9E9965A32ACC85CE00E90FE4 /* Frameworks */,
				9E9965A42ACC85CE00E90FE4 /* Resources */,
				9107A5C34F23483661DF39D7 /* [CP] Embed Pods Frameworks */,
			);
			buildRules = (
			);
			dependencies = (
			);
			name = ExpressPokemon;
			productName = ExpressPokemon;
			productReference = 9E9965A62ACC85CE00E90FE4 /* ExpressPokemon.app */;
			productType = "com.apple.product-type.application";
		};
		9E9965BE2ACC85CF00E90FE4 /* ExpressPokemonTests */ = {
			isa = PBXNativeTarget;
			buildConfigurationList = 9E9965D62ACC85CF00E90FE4 /* Build configuration list for PBXNativeTarget "ExpressPokemonTests" */;
			buildPhases = (
				C04262BF1CD5DD5FC480A48D /* [CP] Check Pods Manifest.lock */,
				9E9966DE2ACF0A9B00E90FE4 /* Cuckoo for Mocking during Tests */,
				9E9965BB2ACC85CF00E90FE4 /* Sources */,
				9E9965BC2ACC85CF00E90FE4 /* Frameworks */,
				9E9965BD2ACC85CF00E90FE4 /* Resources */,
				4BC801994EBB8B32E8CD4A19 /* [CP] Embed Pods Frameworks */,
			);
			buildRules = (
			);
			dependencies = (
				9E9965C12ACC85CF00E90FE4 /* PBXTargetDependency */,
			);
			name = ExpressPokemonTests;
			productName = ExpressPokemonTests;
			productReference = 9E9965BF2ACC85CF00E90FE4 /* ExpressPokemonTests.xctest */;
			productType = "com.apple.product-type.bundle.unit-test";
		};
		9E9965C82ACC85CF00E90FE4 /* ExpressPokemonUITests */ = {
			isa = PBXNativeTarget;
			buildConfigurationList = 9E9965D92ACC85CF00E90FE4 /* Build configuration list for PBXNativeTarget "ExpressPokemonUITests" */;
			buildPhases = (
				16D4BDCB0602A42CCA7F835D /* [CP] Check Pods Manifest.lock */,
				9E9965C52ACC85CF00E90FE4 /* Sources */,
				9E9965C62ACC85CF00E90FE4 /* Frameworks */,
				9E9965C72ACC85CF00E90FE4 /* Resources */,
				4A7E272CE4B6D6D88C33C2EC /* [CP] Embed Pods Frameworks */,
			);
			buildRules = (
			);
			dependencies = (
				9E9965CB2ACC85CF00E90FE4 /* PBXTargetDependency */,
			);
			name = ExpressPokemonUITests;
			productName = ExpressPokemonUITests;
			productReference = 9E9965C92ACC85CF00E90FE4 /* ExpressPokemonUITests.xctest */;
			productType = "com.apple.product-type.bundle.ui-testing";
		};
/* End PBXNativeTarget section */

/* Begin PBXProject section */
		9E99659E2ACC85CE00E90FE4 /* Project object */ = {
			isa = PBXProject;
			attributes = {
				BuildIndependentTargetsInParallel = 1;
				LastSwiftUpdateCheck = 1430;
				LastUpgradeCheck = 1430;
				TargetAttributes = {
					9E9965A52ACC85CE00E90FE4 = {
						CreatedOnToolsVersion = 14.3.1;
					};
					9E9965BE2ACC85CF00E90FE4 = {
						CreatedOnToolsVersion = 14.3.1;
						TestTargetID = 9E9965A52ACC85CE00E90FE4;
					};
					9E9965C82ACC85CF00E90FE4 = {
						CreatedOnToolsVersion = 14.3.1;
						TestTargetID = 9E9965A52ACC85CE00E90FE4;
					};
				};
			};
			buildConfigurationList = 9E9965A12ACC85CE00E90FE4 /* Build configuration list for PBXProject "ExpressPokemon" */;
			compatibilityVersion = "Xcode 14.0";
			developmentRegion = en;
			hasScannedForEncodings = 0;
			knownRegions = (
				en,
				Base,
			);
			mainGroup = 9E99659D2ACC85CE00E90FE4;
			productRefGroup = 9E9965A72ACC85CE00E90FE4 /* Products */;
			projectDirPath = "";
			projectRoot = "";
			targets = (
				9E9965A52ACC85CE00E90FE4 /* ExpressPokemon */,
				9E9965BE2ACC85CF00E90FE4 /* ExpressPokemonTests */,
				9E9965C82ACC85CF00E90FE4 /* ExpressPokemonUITests */,
			);
		};
/* End PBXProject section */

/* Begin PBXResourcesBuildPhase section */
		9E9965A42ACC85CE00E90FE4 /* Resources */ = {
			isa = PBXResourcesBuildPhase;
			buildActionMask = 2147483647;
			files = (
				9E9965B92ACC85CF00E90FE4 /* LaunchScreen.storyboard in Resources */,
				9E9965B62ACC85CF00E90FE4 /* Assets.xcassets in Resources */,
			);
			runOnlyForDeploymentPostprocessing = 0;
		};
		9E9965BD2ACC85CF00E90FE4 /* Resources */ = {
			isa = PBXResourcesBuildPhase;
			buildActionMask = 2147483647;
			files = (
				9E68E35A2AD000AB00A1529B /* SamplePokemonDetailResponse.json in Resources */,
			);
			runOnlyForDeploymentPostprocessing = 0;
		};
		9E9965C72ACC85CF00E90FE4 /* Resources */ = {
			isa = PBXResourcesBuildPhase;
			buildActionMask = 2147483647;
			files = (
			);
			runOnlyForDeploymentPostprocessing = 0;
		};
/* End PBXResourcesBuildPhase section */

/* Begin PBXShellScriptBuildPhase section */
		16D4BDCB0602A42CCA7F835D /* [CP] Check Pods Manifest.lock */ = {
			isa = PBXShellScriptBuildPhase;
			buildActionMask = 2147483647;
			files = (
			);
			inputFileListPaths = (
			);
			inputPaths = (
				"${PODS_PODFILE_DIR_PATH}/Podfile.lock",
				"${PODS_ROOT}/Manifest.lock",
			);
			name = "[CP] Check Pods Manifest.lock";
			outputFileListPaths = (
			);
			outputPaths = (
				"$(DERIVED_FILE_DIR)/Pods-ExpressPokemon-ExpressPokemonUITests-checkManifestLockResult.txt",
			);
			runOnlyForDeploymentPostprocessing = 0;
			shellPath = /bin/sh;
			shellScript = "diff \"${PODS_PODFILE_DIR_PATH}/Podfile.lock\" \"${PODS_ROOT}/Manifest.lock\" > /dev/null\nif [ $? != 0 ] ; then\n    # print error to STDERR\n    echo \"error: The sandbox is not in sync with the Podfile.lock. Run 'pod install' or update your CocoaPods installation.\" >&2\n    exit 1\nfi\n# This output is used by Xcode 'outputs' to avoid re-running this script phase.\necho \"SUCCESS\" > \"${SCRIPT_OUTPUT_FILE_0}\"\n";
			showEnvVarsInLog = 0;
		};
		4A7E272CE4B6D6D88C33C2EC /* [CP] Embed Pods Frameworks */ = {
			isa = PBXShellScriptBuildPhase;
			buildActionMask = 2147483647;
			files = (
			);
			inputFileListPaths = (
				"${PODS_ROOT}/Target Support Files/Pods-ExpressPokemon-ExpressPokemonUITests/Pods-ExpressPokemon-ExpressPokemonUITests-frameworks-${CONFIGURATION}-input-files.xcfilelist",
			);
			name = "[CP] Embed Pods Frameworks";
			outputFileListPaths = (
				"${PODS_ROOT}/Target Support Files/Pods-ExpressPokemon-ExpressPokemonUITests/Pods-ExpressPokemon-ExpressPokemonUITests-frameworks-${CONFIGURATION}-output-files.xcfilelist",
			);
			runOnlyForDeploymentPostprocessing = 0;
			shellPath = /bin/sh;
			shellScript = "\"${PODS_ROOT}/Target Support Files/Pods-ExpressPokemon-ExpressPokemonUITests/Pods-ExpressPokemon-ExpressPokemonUITests-frameworks.sh\"\n";
			showEnvVarsInLog = 0;
		};
		4BC801994EBB8B32E8CD4A19 /* [CP] Embed Pods Frameworks */ = {
			isa = PBXShellScriptBuildPhase;
			buildActionMask = 2147483647;
			files = (
			);
			inputFileListPaths = (
				"${PODS_ROOT}/Target Support Files/Pods-ExpressPokemonTests/Pods-ExpressPokemonTests-frameworks-${CONFIGURATION}-input-files.xcfilelist",
			);
			name = "[CP] Embed Pods Frameworks";
			outputFileListPaths = (
				"${PODS_ROOT}/Target Support Files/Pods-ExpressPokemonTests/Pods-ExpressPokemonTests-frameworks-${CONFIGURATION}-output-files.xcfilelist",
			);
			runOnlyForDeploymentPostprocessing = 0;
			shellPath = /bin/sh;
			shellScript = "\"${PODS_ROOT}/Target Support Files/Pods-ExpressPokemonTests/Pods-ExpressPokemonTests-frameworks.sh\"\n";
			showEnvVarsInLog = 0;
		};
		8F2C99E946653C4CE9717070 /* [CP] Check Pods Manifest.lock */ = {
			isa = PBXShellScriptBuildPhase;
			buildActionMask = 2147483647;
			files = (
			);
			inputFileListPaths = (
			);
			inputPaths = (
				"${PODS_PODFILE_DIR_PATH}/Podfile.lock",
				"${PODS_ROOT}/Manifest.lock",
			);
			name = "[CP] Check Pods Manifest.lock";
			outputFileListPaths = (
			);
			outputPaths = (
				"$(DERIVED_FILE_DIR)/Pods-ExpressPokemon-checkManifestLockResult.txt",
			);
			runOnlyForDeploymentPostprocessing = 0;
			shellPath = /bin/sh;
			shellScript = "diff \"${PODS_PODFILE_DIR_PATH}/Podfile.lock\" \"${PODS_ROOT}/Manifest.lock\" > /dev/null\nif [ $? != 0 ] ; then\n    # print error to STDERR\n    echo \"error: The sandbox is not in sync with the Podfile.lock. Run 'pod install' or update your CocoaPods installation.\" >&2\n    exit 1\nfi\n# This output is used by Xcode 'outputs' to avoid re-running this script phase.\necho \"SUCCESS\" > \"${SCRIPT_OUTPUT_FILE_0}\"\n";
			showEnvVarsInLog = 0;
		};
		9107A5C34F23483661DF39D7 /* [CP] Embed Pods Frameworks */ = {
			isa = PBXShellScriptBuildPhase;
			buildActionMask = 2147483647;
			files = (
			);
			inputFileListPaths = (
				"${PODS_ROOT}/Target Support Files/Pods-ExpressPokemon/Pods-ExpressPokemon-frameworks-${CONFIGURATION}-input-files.xcfilelist",
			);
			name = "[CP] Embed Pods Frameworks";
			outputFileListPaths = (
				"${PODS_ROOT}/Target Support Files/Pods-ExpressPokemon/Pods-ExpressPokemon-frameworks-${CONFIGURATION}-output-files.xcfilelist",
			);
			runOnlyForDeploymentPostprocessing = 0;
			shellPath = /bin/sh;
			shellScript = "\"${PODS_ROOT}/Target Support Files/Pods-ExpressPokemon/Pods-ExpressPokemon-frameworks.sh\"\n";
			showEnvVarsInLog = 0;
		};
		9E9966952ACD19F500E90FE4 /* SwiftLint */ = {
			isa = PBXShellScriptBuildPhase;
			alwaysOutOfDate = 1;
			buildActionMask = 2147483647;
			files = (
			);
			inputFileListPaths = (
			);
			inputPaths = (
			);
			name = SwiftLint;
			outputFileListPaths = (
			);
			outputPaths = (
			);
			runOnlyForDeploymentPostprocessing = 0;
			shellPath = /bin/sh;
			shellScript = "# Adds support for Apple Silicon brew directory\nif [[ \"$(uname -m)\" == arm64 ]]; then\n    export PATH=\"/opt/homebrew/bin:$PATH\"\nfi\n\nif which swiftlint >/dev/null; then\n  swiftlint --fix && swiftlint\nelse\n  echo \"warning: SwiftLint not installed, download from https://github.com/realm/SwiftLint\"\nfi\n";
		};
		9E9966DE2ACF0A9B00E90FE4 /* Cuckoo for Mocking during Tests */ = {
			isa = PBXShellScriptBuildPhase;
			alwaysOutOfDate = 1;
			buildActionMask = 2147483647;
			files = (
			);
			inputFileListPaths = (
			);
			inputPaths = (
				"${PROJECT_DIR}/${PROJECT_NAME}/App/DI/DIContainer.swift",
				"${PROJECT_DIR}/${PROJECT_NAME}/App/Data/Repositories/Interfaces/PokemonRepositoryType.swift",
				"${PROJECT_DIR}/${PROJECT_NAME}/App/Data/PersistentStorages/PokemonListResponseStorage/PokemonListResponseStorageType.swift",
			);
			name = "Cuckoo for Mocking during Tests";
			outputFileListPaths = (
			);
			outputPaths = (
				"${PROJECT_DIR}/${PROJECT_NAME}Tests/CuckooMocks/GeneratedMocks.swift",
			);
			runOnlyForDeploymentPostprocessing = 0;
			shellPath = /bin/sh;
			shellScript = "echo \"Cuckoo - Started.\"\n\nif [ $ACTION == \"indexbuild\" ]; then\n  echo \"Not running Cuckoo generator during indexing.\"\n  exit 0\nfi\n\n# Skip for preview builds\nif [ \"${ENABLE_PREVIEWS}\" = \"YES\" ]; then\n  echo \"Not running Cuckoo generator during preview builds.\"\n  exit 0\nfi\n\n# Define output file. Change \"${PROJECT_DIR}/${PROJECT_NAME}Tests\" to your test's root source folder, if it's not the default name.\nOUTPUT_FILE=\"${PROJECT_DIR}/${PROJECT_NAME}Tests/CuckooMocks/GeneratedMocks.swift\"\necho \"Generated Mocks File = ${OUTPUT_FILE}\"\n\n# Define input directory. Change \"${PROJECT_DIR}/${PROJECT_NAME}\" to your project's root source folder, if it's not the default name.\nINPUT_DIR=\"${PROJECT_DIR}/${PROJECT_NAME}\"\necho \"Mocks Input Directory = ${INPUT_DIR}\"\n\n# Generate mock files, include as many input files as you'd like to create mocks for.\n\"${PODS_ROOT}/Cuckoo/run\" generate --testable \"${PROJECT_NAME}\" --no-header --no-timestamp --output \"${OUTPUT_FILE}\" \\\n\"${INPUT_DIR}/App/DI/DIContainer.swift\" \\\n\"${INPUT_DIR}/App/Data/Repositories/Interfaces/PokemonRepositoryType.swift\" \\\n\"${INPUT_DIR}/App/Data/PersistentStorages/PokemonListResponseStorage/PokemonListResponseStorageType.swift\"\n\n# ... and so forth, the last line should never end with a backslash\n\n# After running once, locate `GeneratedMocks.swift` and drag it into your Xcode test target group.\n";
		};
		C04262BF1CD5DD5FC480A48D /* [CP] Check Pods Manifest.lock */ = {
			isa = PBXShellScriptBuildPhase;
			buildActionMask = 2147483647;
			files = (
			);
			inputFileListPaths = (
			);
			inputPaths = (
				"${PODS_PODFILE_DIR_PATH}/Podfile.lock",
				"${PODS_ROOT}/Manifest.lock",
			);
			name = "[CP] Check Pods Manifest.lock";
			outputFileListPaths = (
			);
			outputPaths = (
				"$(DERIVED_FILE_DIR)/Pods-ExpressPokemonTests-checkManifestLockResult.txt",
			);
			runOnlyForDeploymentPostprocessing = 0;
			shellPath = /bin/sh;
			shellScript = "diff \"${PODS_PODFILE_DIR_PATH}/Podfile.lock\" \"${PODS_ROOT}/Manifest.lock\" > /dev/null\nif [ $? != 0 ] ; then\n    # print error to STDERR\n    echo \"error: The sandbox is not in sync with the Podfile.lock. Run 'pod install' or update your CocoaPods installation.\" >&2\n    exit 1\nfi\n# This output is used by Xcode 'outputs' to avoid re-running this script phase.\necho \"SUCCESS\" > \"${SCRIPT_OUTPUT_FILE_0}\"\n";
			showEnvVarsInLog = 0;
		};
/* End PBXShellScriptBuildPhase section */

/* Begin PBXSourcesBuildPhase section */
		9E9965A22ACC85CE00E90FE4 /* Sources */ = {
			isa = PBXSourcesBuildPhase;
			buildActionMask = 2147483647;
			files = (
				9E9966A12ACD3CFD00E90FE4 /* PokemonListViewController+Extension.swift in Sources */,
				9E9966BD2ACDA5CF00E90FE4 /* StatsTableViewCell.swift in Sources */,
				9E9966722ACC8EE500E90FE4 /* FetchPokemonListUseCase.swift in Sources */,
				9E99669F2ACD35C100E90FE4 /* DIError+Extension.swift in Sources */,
				9E9966582ACC8EE500E90FE4 /* UISize.swift in Sources */,
				9E9966C32ACDA81B00E90FE4 /* PokemonDetailViewModel.swift in Sources */,
				9E99664E2ACC8EE500E90FE4 /* URLEncoding.swift in Sources */,
				9E9966512ACC8EE500E90FE4 /* NetworkTarget+Default.swift in Sources */,
				9E99664C2ACC8EE500E90FE4 /* BaseAPIDebugger.swift in Sources */,
				9E9966A72ACD479C00E90FE4 /* MainCoordinator+PokemonListDelegate.swift in Sources */,
				9E9966A52ACD45CB00E90FE4 /* Data.swift in Sources */,
				9E99669D2ACD34C700E90FE4 /* UINavigationBarAppearance.swift in Sources */,
				9E9966BF2ACDA67600E90FE4 /* PokemonDetailViewController+Extension.swift in Sources */,
				9E9966D92ACE566700E90FE4 /* PokemonViewModel+Cache.swift in Sources */,
				9E9966652ACC8EE500E90FE4 /* PokemonDataRemoteServiceType.swift in Sources */,
				9E9966542ACC8EE500E90FE4 /* NetworkClientType.swift in Sources */,
				9E9965AA2ACC85CE00E90FE4 /* AppDelegate.swift in Sources */,
				9E99668B2ACC9B9500E90FE4 /* ExpressPokemon.xcdatamodeld in Sources */,
				9E9966662ACC8EE500E90FE4 /* PokemonListDataRequest.swift in Sources */,
				9E9966492ACC8EE500E90FE4 /* DIContainer.swift in Sources */,
				9E9966B62ACD9F0200E90FE4 /* PokemonDetailCoordinator+PokemonDetailsDelegate.swift in Sources */,
				9E9966772ACC8EE500E90FE4 /* UIView+Extensions.swift in Sources */,
				9E99666A2ACC8EE500E90FE4 /* PokemonRepositoryType.swift in Sources */,
				9E99664A2ACC8EE500E90FE4 /* NetworkingClientManager.swift in Sources */,
				9E9966C52ACDA87F00E90FE4 /* PokemonDetailViewModel+Extension.swift in Sources */,
				9E99667F2ACC8EE500E90FE4 /* PokemonDetailViewController.swift in Sources */,
				9E9966922ACCB97F00E90FE4 /* AlertViewBuilder.swift in Sources */,
				9E99667E2ACC8EE500E90FE4 /* MainCoordinator.swift in Sources */,
				9E99665D2ACC8EE500E90FE4 /* LoadingView.swift in Sources */,
				9E9966632ACC8EE500E90FE4 /* PokemonListResponseDTO+Mapping.swift in Sources */,
				9E9966482ACC8EE500E90FE4 /* DIContainer+Extension.swift in Sources */,
				9E9966AF2ACD73D400E90FE4 /* PokemonListViewController+SearchBarDelegate.swift in Sources */,
				9E9966532ACC8EE500E90FE4 /* NetworkClient.swift in Sources */,
				9E9966B42ACD9E3700E90FE4 /* PokemonDetailCoordinator.swift in Sources */,
				9E9966742ACC8EE500E90FE4 /* PokemonListUseCaseType.swift in Sources */,
				9E9966732ACC8EE500E90FE4 /* PokemonDetailsUseCaseType.swift in Sources */,
				9E99665A2ACC8EE500E90FE4 /* UINavigationController+Extension.swift in Sources */,
				9E9966752ACC8EE500E90FE4 /* Pokemon.swift in Sources */,
				9E9966C72ACDAB4500E90FE4 /* PokemonDetailView.swift in Sources */,
				9E9966802ACC8EE500E90FE4 /* PokemonViewModel.swift in Sources */,
				9E9966472ACC8EE500E90FE4 /* DIError.swift in Sources */,
				9E9966572ACC8EE500E90FE4 /* Constants.swift in Sources */,
				9E9966682ACC8EE500E90FE4 /* PokemonDataRemoteService.swift in Sources */,
				9E9966AD2ACD4D2900E90FE4 /* PokemonCell.swift in Sources */,
				9E9966622ACC8EE500E90FE4 /* WorkScheduler.swift in Sources */,
				9E99666E2ACC8EE500E90FE4 /* CoreDataSaveModelPublisher.swift in Sources */,
				9E9966CA2ACDABC900E90FE4 /* PokemonDetailView+Extension.swift in Sources */,
				9E99669B2ACD33AB00E90FE4 /* APIError+Extension.swift in Sources */,
				9E9966812ACC8EE500E90FE4 /* PokemonListViewController.swift in Sources */,
				9E9966702ACC8EE500E90FE4 /* CustomError.swift in Sources */,
				9E9966CF2ACE00FE00E90FE4 /* AbilityView.swift in Sources */,
				9E9966B92ACDA57C00E90FE4 /* HeroImageTableViewCell.swift in Sources */,
				9E9966592ACC8EE500E90FE4 /* MessageHelper.swift in Sources */,
				9E9966DC2ACEEC1F00E90FE4 /* Double+Extension.swift in Sources */,
				9E99666B2ACC8EE500E90FE4 /* CoreDataManager.swift in Sources */,
				9E9966AA2ACD4CE100E90FE4 /* CardView.swift in Sources */,
				9E9965AC2ACC85CE00E90FE4 /* SceneDelegate.swift in Sources */,
				9E9966CD2ACDEE6500E90FE4 /* StatProgressView.swift in Sources */,
				9E9966502ACC8EE500E90FE4 /* Dictionary+Encoding+Extension.swift in Sources */,
				9E99664F2ACC8EE500E90FE4 /* HTTPMethod.swift in Sources */,
				9E99666D2ACC8EE500E90FE4 /* CoreDataFetchResultsPublisher.swift in Sources */,
				9E99665E2ACC8EE500E90FE4 /* Coordinator.swift in Sources */,
				9E9966B12ACD954A00E90FE4 /* PokemonListView+Extension.swift in Sources */,
				9E9966D72ACE4E6000E90FE4 /* CoreDataBatchDeleteModelsPublisher.swift in Sources */,
				9E9966642ACC8EE500E90FE4 /* PokemonDetailResponseDTO+Mapping.swift in Sources */,
				9E99667B2ACC8EE500E90FE4 /* UIImageView+SDWebImage.swift in Sources */,
				9E9966942ACCBA9200E90FE4 /* EmptyView.swift in Sources */,
				9E9966672ACC8EE500E90FE4 /* PokemonDetailsDataRequest.swift in Sources */,
				9E9966A32ACD404300E90FE4 /* PokemonViewModel+Extension.swift in Sources */,
				9E9966692ACC8EE500E90FE4 /* PokemonRepository.swift in Sources */,
				9E99664B2ACC8EE500E90FE4 /* APIError.swift in Sources */,
				9E9966552ACC8EE500E90FE4 /* RequestBuilder.swift in Sources */,
				9E99667A2ACC8EE500E90FE4 /* UIImage+Extension.swift in Sources */,
				9E99665C2ACC8EE500E90FE4 /* NavigationController.swift in Sources */,
				9E99665B2ACC8EE500E90FE4 /* AppStyle.swift in Sources */,
				9E9966BB2ACDA5B100E90FE4 /* DetailTableViewCell.swift in Sources */,
				9E99667D2ACC8EE500E90FE4 /* UIViewController+StatusBarUtil.swift in Sources */,
				9E9966602ACC8EE500E90FE4 /* Logger.swift in Sources */,
				9E9966C12ACDA72300E90FE4 /* AbilitiesTableViewCell.swift in Sources */,
				9E99666F2ACC8EE500E90FE4 /* CoreDataDeleteModelPublisher.swift in Sources */,
				9E9966562ACC8EE500E90FE4 /* HttpRequest+RequestBuilder.swift in Sources */,
				9E9966712ACC8EE500E90FE4 /* FetchPokemonDetailsUseCase.swift in Sources */,
				9E9966782ACC8EE500E90FE4 /* UIColor.swift in Sources */,
				9E99664D2ACC8EE500E90FE4 /* BaseURLEnvironment+Configuration.swift in Sources */,
				9E9966522ACC8EE500E90FE4 /* NetworkTarget.swift in Sources */,
				9E9966D32ACE3CD700E90FE4 /* PokemonListResponseStorageType.swift in Sources */,
				9E9966762ACC8EE500E90FE4 /* PokemonDetail.swift in Sources */,
				9E99668D2ACCB23200E90FE4 /* PokemonListView.swift in Sources */,
				9E99665F2ACC8EE500E90FE4 /* Log.swift in Sources */,
				9E9966D52ACE3DBF00E90FE4 /* CoreDataPokemonListResponseStorage.swift in Sources */,
			);
			runOnlyForDeploymentPostprocessing = 0;
		};
		9E9965BB2ACC85CF00E90FE4 /* Sources */ = {
			isa = PBXSourcesBuildPhase;
			buildActionMask = 2147483647;
			files = (
				9E9966E32ACF10C700E90FE4 /* PokemonViewModelTests.swift in Sources */,
				9E9966E62ACF19A300E90FE4 /* GeneratedMocks.swift in Sources */,
				9E68E3572ACFFF1100A1529B /* PokemonDetailsViewModelTests.swift in Sources */,
				9E9966E82ACF235200E90FE4 /* PokemonViewModel+SampleMockData.swift in Sources */,
				9E9965C42ACC85CF00E90FE4 /* ExpressPokemonTests.swift in Sources */,
			);
			runOnlyForDeploymentPostprocessing = 0;
		};
		9E9965C52ACC85CF00E90FE4 /* Sources */ = {
			isa = PBXSourcesBuildPhase;
			buildActionMask = 2147483647;
			files = (
				9E9965CE2ACC85CF00E90FE4 /* ExpressPokemonUITests.swift in Sources */,
				9E9965D02ACC85CF00E90FE4 /* ExpressPokemonUITestsLaunchTests.swift in Sources */,
			);
			runOnlyForDeploymentPostprocessing = 0;
		};
/* End PBXSourcesBuildPhase section */

/* Begin PBXTargetDependency section */
		9E9965C12ACC85CF00E90FE4 /* PBXTargetDependency */ = {
			isa = PBXTargetDependency;
			target = 9E9965A52ACC85CE00E90FE4 /* ExpressPokemon */;
			targetProxy = 9E9965C02ACC85CF00E90FE4 /* PBXContainerItemProxy */;
		};
		9E9965CB2ACC85CF00E90FE4 /* PBXTargetDependency */ = {
			isa = PBXTargetDependency;
			target = 9E9965A52ACC85CE00E90FE4 /* ExpressPokemon */;
			targetProxy = 9E9965CA2ACC85CF00E90FE4 /* PBXContainerItemProxy */;
		};
/* End PBXTargetDependency section */

/* Begin PBXVariantGroup section */
		9E9965B72ACC85CF00E90FE4 /* LaunchScreen.storyboard */ = {
			isa = PBXVariantGroup;
			children = (
				9E9965B82ACC85CF00E90FE4 /* Base */,
			);
			name = LaunchScreen.storyboard;
			sourceTree = "<group>";
		};
/* End PBXVariantGroup section */

/* Begin XCBuildConfiguration section */
		9E9965D12ACC85CF00E90FE4 /* Debug */ = {
			isa = XCBuildConfiguration;
			buildSettings = {
				ALWAYS_SEARCH_USER_PATHS = NO;
				CLANG_ANALYZER_NONNULL = YES;
				CLANG_ANALYZER_NUMBER_OBJECT_CONVERSION = YES_AGGRESSIVE;
				CLANG_CXX_LANGUAGE_STANDARD = "gnu++20";
				CLANG_ENABLE_MODULES = YES;
				CLANG_ENABLE_OBJC_ARC = YES;
				CLANG_ENABLE_OBJC_WEAK = YES;
				CLANG_WARN_BLOCK_CAPTURE_AUTORELEASING = YES;
				CLANG_WARN_BOOL_CONVERSION = YES;
				CLANG_WARN_COMMA = YES;
				CLANG_WARN_CONSTANT_CONVERSION = YES;
				CLANG_WARN_DEPRECATED_OBJC_IMPLEMENTATIONS = YES;
				CLANG_WARN_DIRECT_OBJC_ISA_USAGE = YES_ERROR;
				CLANG_WARN_DOCUMENTATION_COMMENTS = YES;
				CLANG_WARN_EMPTY_BODY = YES;
				CLANG_WARN_ENUM_CONVERSION = YES;
				CLANG_WARN_INFINITE_RECURSION = YES;
				CLANG_WARN_INT_CONVERSION = YES;
				CLANG_WARN_NON_LITERAL_NULL_CONVERSION = YES;
				CLANG_WARN_OBJC_IMPLICIT_RETAIN_SELF = YES;
				CLANG_WARN_OBJC_LITERAL_CONVERSION = YES;
				CLANG_WARN_OBJC_ROOT_CLASS = YES_ERROR;
				CLANG_WARN_QUOTED_INCLUDE_IN_FRAMEWORK_HEADER = YES;
				CLANG_WARN_RANGE_LOOP_ANALYSIS = YES;
				CLANG_WARN_STRICT_PROTOTYPES = YES;
				CLANG_WARN_SUSPICIOUS_MOVE = YES;
				CLANG_WARN_UNGUARDED_AVAILABILITY = YES_AGGRESSIVE;
				CLANG_WARN_UNREACHABLE_CODE = YES;
				CLANG_WARN__DUPLICATE_METHOD_MATCH = YES;
				COPY_PHASE_STRIP = NO;
				DEBUG_INFORMATION_FORMAT = dwarf;
				ENABLE_STRICT_OBJC_MSGSEND = YES;
				ENABLE_TESTABILITY = YES;
				GCC_C_LANGUAGE_STANDARD = gnu11;
				GCC_DYNAMIC_NO_PIC = NO;
				GCC_NO_COMMON_BLOCKS = YES;
				GCC_OPTIMIZATION_LEVEL = 0;
				GCC_PREPROCESSOR_DEFINITIONS = (
					"DEBUG=1",
					"$(inherited)",
				);
				GCC_WARN_64_TO_32_BIT_CONVERSION = YES;
				GCC_WARN_ABOUT_RETURN_TYPE = YES_ERROR;
				GCC_WARN_UNDECLARED_SELECTOR = YES;
				GCC_WARN_UNINITIALIZED_AUTOS = YES_AGGRESSIVE;
				GCC_WARN_UNUSED_FUNCTION = YES;
				GCC_WARN_UNUSED_VARIABLE = YES;
				IPHONEOS_DEPLOYMENT_TARGET = 16.4;
				MTL_ENABLE_DEBUG_INFO = INCLUDE_SOURCE;
				MTL_FAST_MATH = YES;
				ONLY_ACTIVE_ARCH = YES;
				SDKROOT = iphoneos;
				SWIFT_ACTIVE_COMPILATION_CONDITIONS = DEBUG;
				SWIFT_OPTIMIZATION_LEVEL = "-Onone";
			};
			name = Debug;
		};
		9E9965D22ACC85CF00E90FE4 /* Release */ = {
			isa = XCBuildConfiguration;
			buildSettings = {
				ALWAYS_SEARCH_USER_PATHS = NO;
				CLANG_ANALYZER_NONNULL = YES;
				CLANG_ANALYZER_NUMBER_OBJECT_CONVERSION = YES_AGGRESSIVE;
				CLANG_CXX_LANGUAGE_STANDARD = "gnu++20";
				CLANG_ENABLE_MODULES = YES;
				CLANG_ENABLE_OBJC_ARC = YES;
				CLANG_ENABLE_OBJC_WEAK = YES;
				CLANG_WARN_BLOCK_CAPTURE_AUTORELEASING = YES;
				CLANG_WARN_BOOL_CONVERSION = YES;
				CLANG_WARN_COMMA = YES;
				CLANG_WARN_CONSTANT_CONVERSION = YES;
				CLANG_WARN_DEPRECATED_OBJC_IMPLEMENTATIONS = YES;
				CLANG_WARN_DIRECT_OBJC_ISA_USAGE = YES_ERROR;
				CLANG_WARN_DOCUMENTATION_COMMENTS = YES;
				CLANG_WARN_EMPTY_BODY = YES;
				CLANG_WARN_ENUM_CONVERSION = YES;
				CLANG_WARN_INFINITE_RECURSION = YES;
				CLANG_WARN_INT_CONVERSION = YES;
				CLANG_WARN_NON_LITERAL_NULL_CONVERSION = YES;
				CLANG_WARN_OBJC_IMPLICIT_RETAIN_SELF = YES;
				CLANG_WARN_OBJC_LITERAL_CONVERSION = YES;
				CLANG_WARN_OBJC_ROOT_CLASS = YES_ERROR;
				CLANG_WARN_QUOTED_INCLUDE_IN_FRAMEWORK_HEADER = YES;
				CLANG_WARN_RANGE_LOOP_ANALYSIS = YES;
				CLANG_WARN_STRICT_PROTOTYPES = YES;
				CLANG_WARN_SUSPICIOUS_MOVE = YES;
				CLANG_WARN_UNGUARDED_AVAILABILITY = YES_AGGRESSIVE;
				CLANG_WARN_UNREACHABLE_CODE = YES;
				CLANG_WARN__DUPLICATE_METHOD_MATCH = YES;
				COPY_PHASE_STRIP = NO;
				DEBUG_INFORMATION_FORMAT = "dwarf-with-dsym";
				ENABLE_NS_ASSERTIONS = NO;
				ENABLE_STRICT_OBJC_MSGSEND = YES;
				GCC_C_LANGUAGE_STANDARD = gnu11;
				GCC_NO_COMMON_BLOCKS = YES;
				GCC_WARN_64_TO_32_BIT_CONVERSION = YES;
				GCC_WARN_ABOUT_RETURN_TYPE = YES_ERROR;
				GCC_WARN_UNDECLARED_SELECTOR = YES;
				GCC_WARN_UNINITIALIZED_AUTOS = YES_AGGRESSIVE;
				GCC_WARN_UNUSED_FUNCTION = YES;
				GCC_WARN_UNUSED_VARIABLE = YES;
				IPHONEOS_DEPLOYMENT_TARGET = 16.4;
				MTL_ENABLE_DEBUG_INFO = NO;
				MTL_FAST_MATH = YES;
				SDKROOT = iphoneos;
				SWIFT_COMPILATION_MODE = wholemodule;
				SWIFT_OPTIMIZATION_LEVEL = "-O";
				VALIDATE_PRODUCT = YES;
			};
			name = Release;
		};
		9E9965D42ACC85CF00E90FE4 /* Debug */ = {
			isa = XCBuildConfiguration;
			baseConfigurationReference = 08E9E9A27295457CF02FE171 /* Pods-ExpressPokemon.debug.xcconfig */;
			buildSettings = {
				ASSETCATALOG_COMPILER_APPICON_NAME = AppIcon;
				ASSETCATALOG_COMPILER_GLOBAL_ACCENT_COLOR_NAME = AccentColor;
				ASSETCATALOG_COMPILER_INCLUDE_ALL_APPICON_ASSETS = YES;
				CODE_SIGN_STYLE = Automatic;
				CURRENT_PROJECT_VERSION = 1;
				DEVELOPMENT_TEAM = 4K8RG4V54E;
				GENERATE_INFOPLIST_FILE = YES;
				INFOPLIST_FILE = ExpressPokemon/Info.plist;
				INFOPLIST_KEY_UIApplicationSupportsIndirectInputEvents = YES;
				INFOPLIST_KEY_UILaunchStoryboardName = LaunchScreen;
				INFOPLIST_KEY_UIRequiresFullScreen = NO;
				INFOPLIST_KEY_UIStatusBarStyle = UIStatusBarStyleDarkContent;
				INFOPLIST_KEY_UISupportedInterfaceOrientations = UIInterfaceOrientationPortrait;
				INFOPLIST_KEY_UISupportedInterfaceOrientations_iPad = "UIInterfaceOrientationPortrait UIInterfaceOrientationPortraitUpsideDown";
				IPHONEOS_DEPLOYMENT_TARGET = 14.0;
				LD_RUNPATH_SEARCH_PATHS = (
					"$(inherited)",
					"@executable_path/Frameworks",
				);
				MARKETING_VERSION = 1.0;
				PRODUCT_BUNDLE_IDENTIFIER = shirley.godfrey.kyeyune.ExpressPokemon;
				PRODUCT_NAME = "$(TARGET_NAME)";
				SWIFT_EMIT_LOC_STRINGS = YES;
				SWIFT_VERSION = 5.0;
				TARGETED_DEVICE_FAMILY = "1,2";
			};
			name = Debug;
		};
		9E9965D52ACC85CF00E90FE4 /* Release */ = {
			isa = XCBuildConfiguration;
			baseConfigurationReference = FECF2D8226B66671EEE5523E /* Pods-ExpressPokemon.release.xcconfig */;
			buildSettings = {
				ASSETCATALOG_COMPILER_APPICON_NAME = AppIcon;
				ASSETCATALOG_COMPILER_GLOBAL_ACCENT_COLOR_NAME = AccentColor;
				ASSETCATALOG_COMPILER_INCLUDE_ALL_APPICON_ASSETS = YES;
				CODE_SIGN_STYLE = Automatic;
				CURRENT_PROJECT_VERSION = 1;
				DEVELOPMENT_TEAM = 4K8RG4V54E;
				GENERATE_INFOPLIST_FILE = YES;
				INFOPLIST_FILE = ExpressPokemon/Info.plist;
				INFOPLIST_KEY_UIApplicationSupportsIndirectInputEvents = YES;
				INFOPLIST_KEY_UILaunchStoryboardName = LaunchScreen;
				INFOPLIST_KEY_UIRequiresFullScreen = NO;
				INFOPLIST_KEY_UIStatusBarStyle = UIStatusBarStyleDarkContent;
				INFOPLIST_KEY_UISupportedInterfaceOrientations = UIInterfaceOrientationPortrait;
				INFOPLIST_KEY_UISupportedInterfaceOrientations_iPad = "UIInterfaceOrientationPortrait UIInterfaceOrientationPortraitUpsideDown";
				IPHONEOS_DEPLOYMENT_TARGET = 14.0;
				LD_RUNPATH_SEARCH_PATHS = (
					"$(inherited)",
					"@executable_path/Frameworks",
				);
				MARKETING_VERSION = 1.0;
				PRODUCT_BUNDLE_IDENTIFIER = shirley.godfrey.kyeyune.ExpressPokemon;
				PRODUCT_NAME = "$(TARGET_NAME)";
				SWIFT_EMIT_LOC_STRINGS = YES;
				SWIFT_VERSION = 5.0;
				TARGETED_DEVICE_FAMILY = "1,2";
			};
			name = Release;
		};
		9E9965D72ACC85CF00E90FE4 /* Debug */ = {
			isa = XCBuildConfiguration;
			baseConfigurationReference = D46C5DFF3BFEB23CBAA7E639 /* Pods-ExpressPokemonTests.debug.xcconfig */;
			buildSettings = {
				ALWAYS_EMBED_SWIFT_STANDARD_LIBRARIES = "$(inherited)";
				BUNDLE_LOADER = "$(TEST_HOST)";
				CODE_SIGN_STYLE = Automatic;
				CURRENT_PROJECT_VERSION = 1;
				DEVELOPMENT_TEAM = 4K8RG4V54E;
				GENERATE_INFOPLIST_FILE = YES;
				IPHONEOS_DEPLOYMENT_TARGET = 16.4;
				MARKETING_VERSION = 1.0;
				PRODUCT_BUNDLE_IDENTIFIER = shirley.godfrey.kyeyune.ExpressPokemonTests;
				PRODUCT_NAME = "$(TARGET_NAME)";
				SWIFT_EMIT_LOC_STRINGS = NO;
				SWIFT_VERSION = 5.0;
				TARGETED_DEVICE_FAMILY = "1,2";
				TEST_HOST = "$(BUILT_PRODUCTS_DIR)/ExpressPokemon.app/$(BUNDLE_EXECUTABLE_FOLDER_PATH)/ExpressPokemon";
			};
			name = Debug;
		};
		9E9965D82ACC85CF00E90FE4 /* Release */ = {
			isa = XCBuildConfiguration;
			baseConfigurationReference = 149DF7CE991CE88B02917953 /* Pods-ExpressPokemonTests.release.xcconfig */;
			buildSettings = {
				ALWAYS_EMBED_SWIFT_STANDARD_LIBRARIES = "$(inherited)";
				BUNDLE_LOADER = "$(TEST_HOST)";
				CODE_SIGN_STYLE = Automatic;
				CURRENT_PROJECT_VERSION = 1;
				DEVELOPMENT_TEAM = 4K8RG4V54E;
				GENERATE_INFOPLIST_FILE = YES;
				IPHONEOS_DEPLOYMENT_TARGET = 16.4;
				MARKETING_VERSION = 1.0;
				PRODUCT_BUNDLE_IDENTIFIER = shirley.godfrey.kyeyune.ExpressPokemonTests;
				PRODUCT_NAME = "$(TARGET_NAME)";
				SWIFT_EMIT_LOC_STRINGS = NO;
				SWIFT_VERSION = 5.0;
				TARGETED_DEVICE_FAMILY = "1,2";
				TEST_HOST = "$(BUILT_PRODUCTS_DIR)/ExpressPokemon.app/$(BUNDLE_EXECUTABLE_FOLDER_PATH)/ExpressPokemon";
			};
			name = Release;
		};
		9E9965DA2ACC85CF00E90FE4 /* Debug */ = {
			isa = XCBuildConfiguration;
			baseConfigurationReference = 0AF5844D8FF64AEFB278AF5F /* Pods-ExpressPokemon-ExpressPokemonUITests.debug.xcconfig */;
			buildSettings = {
				ALWAYS_EMBED_SWIFT_STANDARD_LIBRARIES = "$(inherited)";
				CODE_SIGN_STYLE = Automatic;
				CURRENT_PROJECT_VERSION = 1;
				DEVELOPMENT_TEAM = 4K8RG4V54E;
				GENERATE_INFOPLIST_FILE = YES;
				MARKETING_VERSION = 1.0;
				PRODUCT_BUNDLE_IDENTIFIER = shirley.godfrey.kyeyune.ExpressPokemonUITests;
				PRODUCT_NAME = "$(TARGET_NAME)";
				SWIFT_EMIT_LOC_STRINGS = NO;
				SWIFT_VERSION = 5.0;
				TARGETED_DEVICE_FAMILY = "1,2";
				TEST_TARGET_NAME = ExpressPokemon;
			};
			name = Debug;
		};
		9E9965DB2ACC85CF00E90FE4 /* Release */ = {
			isa = XCBuildConfiguration;
			baseConfigurationReference = BFA409BCF02599B1DBD45E3C /* Pods-ExpressPokemon-ExpressPokemonUITests.release.xcconfig */;
			buildSettings = {
				ALWAYS_EMBED_SWIFT_STANDARD_LIBRARIES = "$(inherited)";
				CODE_SIGN_STYLE = Automatic;
				CURRENT_PROJECT_VERSION = 1;
				DEVELOPMENT_TEAM = 4K8RG4V54E;
				GENERATE_INFOPLIST_FILE = YES;
				MARKETING_VERSION = 1.0;
				PRODUCT_BUNDLE_IDENTIFIER = shirley.godfrey.kyeyune.ExpressPokemonUITests;
				PRODUCT_NAME = "$(TARGET_NAME)";
				SWIFT_EMIT_LOC_STRINGS = NO;
				SWIFT_VERSION = 5.0;
				TARGETED_DEVICE_FAMILY = "1,2";
				TEST_TARGET_NAME = ExpressPokemon;
			};
			name = Release;
		};
/* End XCBuildConfiguration section */

/* Begin XCConfigurationList section */
		9E9965A12ACC85CE00E90FE4 /* Build configuration list for PBXProject "ExpressPokemon" */ = {
			isa = XCConfigurationList;
			buildConfigurations = (
				9E9965D12ACC85CF00E90FE4 /* Debug */,
				9E9965D22ACC85CF00E90FE4 /* Release */,
			);
			defaultConfigurationIsVisible = 0;
			defaultConfigurationName = Release;
		};
		9E9965D32ACC85CF00E90FE4 /* Build configuration list for PBXNativeTarget "ExpressPokemon" */ = {
			isa = XCConfigurationList;
			buildConfigurations = (
				9E9965D42ACC85CF00E90FE4 /* Debug */,
				9E9965D52ACC85CF00E90FE4 /* Release */,
			);
			defaultConfigurationIsVisible = 0;
			defaultConfigurationName = Release;
		};
		9E9965D62ACC85CF00E90FE4 /* Build configuration list for PBXNativeTarget "ExpressPokemonTests" */ = {
			isa = XCConfigurationList;
			buildConfigurations = (
				9E9965D72ACC85CF00E90FE4 /* Debug */,
				9E9965D82ACC85CF00E90FE4 /* Release */,
			);
			defaultConfigurationIsVisible = 0;
			defaultConfigurationName = Release;
		};
		9E9965D92ACC85CF00E90FE4 /* Build configuration list for PBXNativeTarget "ExpressPokemonUITests" */ = {
			isa = XCConfigurationList;
			buildConfigurations = (
				9E9965DA2ACC85CF00E90FE4 /* Debug */,
				9E9965DB2ACC85CF00E90FE4 /* Release */,
			);
			defaultConfigurationIsVisible = 0;
			defaultConfigurationName = Release;
		};
/* End XCConfigurationList section */

/* Begin XCVersionGroup section */
		9E9966892ACC9B9500E90FE4 /* ExpressPokemon.xcdatamodeld */ = {
			isa = XCVersionGroup;
			children = (
				9E99668A2ACC9B9500E90FE4 /* ExpressPokemon.xcdatamodel */,
			);
			currentVersion = 9E99668A2ACC9B9500E90FE4 /* ExpressPokemon.xcdatamodel */;
			name = ExpressPokemon.xcdatamodeld;
			path = ../../../../ExpressPokemon.xcdatamodeld;
			sourceTree = "<group>";
			versionGroupType = wrapper.xcdatamodel;
		};
/* End XCVersionGroup section */
	};
	rootObject = 9E99659E2ACC85CE00E90FE4 /* Project object */;
}
